// !$*UTF8*$!
{
	archiveVersion = 1;
	classes = {
	};
	objectVersion = 50;
	objects = {

/* Begin PBXBuildFile section */
		F3856AC9242C7E0B00C80C31 /* AppDelegate.swift in Sources */ = {isa = PBXBuildFile; fileRef = F3856AC8242C7E0B00C80C31 /* AppDelegate.swift */; };
		F3856ACE242C7E0B00C80C31 /* Main.storyboard in Resources */ = {isa = PBXBuildFile; fileRef = F3856ACC242C7E0B00C80C31 /* Main.storyboard */; };
		F3856AD0242C7E0C00C80C31 /* Assets.xcassets in Resources */ = {isa = PBXBuildFile; fileRef = F3856ACF242C7E0C00C80C31 /* Assets.xcassets */; };
		F3856AD3242C7E0C00C80C31 /* LaunchScreen.storyboard in Resources */ = {isa = PBXBuildFile; fileRef = F3856AD1242C7E0C00C80C31 /* LaunchScreen.storyboard */; };
		F3856ADE242C7EBE00C80C31 /* LoginVC.swift in Sources */ = {isa = PBXBuildFile; fileRef = F3856ADD242C7EBE00C80C31 /* LoginVC.swift */; };
		F3856AE1242C812900C80C31 /* Extensions.swift in Sources */ = {isa = PBXBuildFile; fileRef = F3856AE0242C812900C80C31 /* Extensions.swift */; };
		F3856AE3242C94E900C80C31 /* SignUpVC.swift in Sources */ = {isa = PBXBuildFile; fileRef = F3856AE2242C94E900C80C31 /* SignUpVC.swift */; };
/* End PBXBuildFile section */

/* Begin PBXFileReference section */
		F3856AC5242C7E0B00C80C31 /* InstagramCopy.app */ = {isa = PBXFileReference; explicitFileType = wrapper.application; includeInIndex = 0; path = InstagramCopy.app; sourceTree = BUILT_PRODUCTS_DIR; };
		F3856AC8242C7E0B00C80C31 /* AppDelegate.swift */ = {isa = PBXFileReference; lastKnownFileType = sourcecode.swift; path = AppDelegate.swift; sourceTree = "<group>"; };
		F3856ACD242C7E0B00C80C31 /* Base */ = {isa = PBXFileReference; lastKnownFileType = file.storyboard; name = Base; path = Base.lproj/Main.storyboard; sourceTree = "<group>"; };
		F3856ACF242C7E0C00C80C31 /* Assets.xcassets */ = {isa = PBXFileReference; lastKnownFileType = folder.assetcatalog; path = Assets.xcassets; sourceTree = "<group>"; };
		F3856AD2242C7E0C00C80C31 /* Base */ = {isa = PBXFileReference; lastKnownFileType = file.storyboard; name = Base; path = Base.lproj/LaunchScreen.storyboard; sourceTree = "<group>"; };
		F3856AD4242C7E0C00C80C31 /* Info.plist */ = {isa = PBXFileReference; lastKnownFileType = text.plist.xml; path = Info.plist; sourceTree = "<group>"; };
		F3856ADD242C7EBE00C80C31 /* LoginVC.swift */ = {isa = PBXFileReference; lastKnownFileType = sourcecode.swift; path = LoginVC.swift; sourceTree = "<group>"; };
		F3856AE0242C812900C80C31 /* Extensions.swift */ = {isa = PBXFileReference; lastKnownFileType = sourcecode.swift; path = Extensions.swift; sourceTree = "<group>"; };
		F3856AE2242C94E900C80C31 /* SignUpVC.swift */ = {isa = PBXFileReference; lastKnownFileType = sourcecode.swift; path = SignUpVC.swift; sourceTree = "<group>"; };
/* End PBXFileReference section */

/* Begin PBXFrameworksBuildPhase section */
		F3856AC2242C7E0B00C80C31 /* Frameworks */ = {
			isa = PBXFrameworksBuildPhase;
			buildActionMask = 2147483647;
			files = (
			);
			runOnlyForDeploymentPostprocessing = 0;
		};
/* End PBXFrameworksBuildPhase section */

/* Begin PBXGroup section */
		F3856ABC242C7E0B00C80C31 = {
			isa = PBXGroup;
			children = (
				F3856AC7242C7E0B00C80C31 /* InstagramCopy */,
				F3856AC6242C7E0B00C80C31 /* Products */,
			);
			sourceTree = "<group>";
		};
		F3856AC6242C7E0B00C80C31 /* Products */ = {
			isa = PBXGroup;
			children = (
				F3856AC5242C7E0B00C80C31 /* InstagramCopy.app */,
			);
			name = Products;
			sourceTree = "<group>";
		};
		F3856AC7242C7E0B00C80C31 /* InstagramCopy */ = {
			isa = PBXGroup;
			children = (
				F3856ADF242C80F600C80C31 /* Utils */,
				F3856ADC242C7E6500C80C31 /* Model */,
				F3856ADB242C7E5400C80C31 /* View */,
				F3856ADA242C7E4200C80C31 /* Controller */,
				F3856AC8242C7E0B00C80C31 /* AppDelegate.swift */,
				F3856ACC242C7E0B00C80C31 /* Main.storyboard */,
				F3856ACF242C7E0C00C80C31 /* Assets.xcassets */,
				F3856AD1242C7E0C00C80C31 /* LaunchScreen.storyboard */,
				F3856AD4242C7E0C00C80C31 /* Info.plist */,
			);
			path = InstagramCopy;
			sourceTree = "<group>";
		};
		F3856ADA242C7E4200C80C31 /* Controller */ = {
			isa = PBXGroup;
			children = (
				F3856ADD242C7EBE00C80C31 /* LoginVC.swift */,
				F3856AE2242C94E900C80C31 /* SignUpVC.swift */,
			);
			path = Controller;
			sourceTree = "<group>";
		};
		F3856ADB242C7E5400C80C31 /* View */ = {
			isa = PBXGroup;
			children = (
			);
			path = View;
			sourceTree = "<group>";
		};
		F3856ADC242C7E6500C80C31 /* Model */ = {
			isa = PBXGroup;
			children = (
			);
			path = Model;
			sourceTree = "<group>";
		};
		F3856ADF242C80F600C80C31 /* Utils */ = {
			isa = PBXGroup;
			children = (
				F3856AE0242C812900C80C31 /* Extensions.swift */,
			);
			path = Utils;
			sourceTree = "<group>";
		};
/* End PBXGroup section */

/* Begin PBXNativeTarget section */
		F3856AC4242C7E0B00C80C31 /* InstagramCopy */ = {
			isa = PBXNativeTarget;
			buildConfigurationList = F3856AD7242C7E0C00C80C31 /* Build configuration list for PBXNativeTarget "InstagramCopy" */;
			buildPhases = (
				F3856AC1242C7E0B00C80C31 /* Sources */,
				F3856AC2242C7E0B00C80C31 /* Frameworks */,
				F3856AC3242C7E0B00C80C31 /* Resources */,
			);
			buildRules = (
			);
			dependencies = (
			);
			name = InstagramCopy;
			productName = InstagramCopy;
			productReference = F3856AC5242C7E0B00C80C31 /* InstagramCopy.app */;
			productType = "com.apple.product-type.application";
		};
/* End PBXNativeTarget section */

/* Begin PBXProject section */
		F3856ABD242C7E0B00C80C31 /* Project object */ = {
			isa = PBXProject;
			attributes = {
				LastSwiftUpdateCheck = 1030;
				LastUpgradeCheck = 1030;
				ORGANIZATIONNAME = "Chunsu Kim";
				TargetAttributes = {
					F3856AC4242C7E0B00C80C31 = {
						CreatedOnToolsVersion = 10.3;
					};
				};
			};
			buildConfigurationList = F3856AC0242C7E0B00C80C31 /* Build configuration list for PBXProject "InstagramCopy" */;
			compatibilityVersion = "Xcode 9.3";
			developmentRegion = en;
			hasScannedForEncodings = 0;
			knownRegions = (
				en,
				Base,
			);
			mainGroup = F3856ABC242C7E0B00C80C31;
			productRefGroup = F3856AC6242C7E0B00C80C31 /* Products */;
			projectDirPath = "";
			projectRoot = "";
			targets = (
				F3856AC4242C7E0B00C80C31 /* InstagramCopy */,
			);
		};
/* End PBXProject section */

/* Begin PBXResourcesBuildPhase section */
		F3856AC3242C7E0B00C80C31 /* Resources */ = {
			isa = PBXResourcesBuildPhase;
			buildActionMask = 2147483647;
			files = (
				F3856AD3242C7E0C00C80C31 /* LaunchScreen.storyboard in Resources */,
				F3856AD0242C7E0C00C80C31 /* Assets.xcassets in Resources */,
				F3856ACE242C7E0B00C80C31 /* Main.storyboard in Resources */,
			);
			runOnlyForDeploymentPostprocessing = 0;
		};
/* End PBXResourcesBuildPhase section */

/* Begin PBXSourcesBuildPhase section */
		F3856AC1242C7E0B00C80C31 /* Sources */ = {
			isa = PBXSourcesBuildPhase;
			buildActionMask = 2147483647;
			files = (
				F3856AE3242C94E900C80C31 /* SignUpVC.swift in Sources */,
				F3856ADE242C7EBE00C80C31 /* LoginVC.swift in Sources */,
				F3856AE1242C812900C80C31 /* Extensions.swift in Sources */,
				F3856AC9242C7E0B00C80C31 /* AppDelegate.swift in Sources */,
			);
			runOnlyForDeploymentPostprocessing = 0;
		};
/* End PBXSourcesBuildPhase section */

/* Begin PBXVariantGroup section */
		F3856ACC242C7E0B00C80C31 /* Main.storyboard */ = {
			isa = PBXVariantGroup;
			children = (
				F3856ACD242C7E0B00C80C31 /* Base */,
			);
			name = Main.storyboard;
			sourceTree = "<group>";
		};
		F3856AD1242C7E0C00C80C31 /* LaunchScreen.storyboard */ = {
			isa = PBXVariantGroup;
			children = (
				F3856AD2242C7E0C00C80C31 /* Base */,
			);
			name = LaunchScreen.storyboard;
			sourceTree = "<group>";
		};
/* End PBXVariantGroup section */

/* Begin XCBuildConfiguration section */
		F3856AD5242C7E0C00C80C31 /* Debug */ = {
			isa = XCBuildConfiguration;
			buildSettings = {
				ALWAYS_SEARCH_USER_PATHS = NO;
				CLANG_ANALYZER_NONNULL = YES;
				CLANG_ANALYZER_NUMBER_OBJECT_CONVERSION = YES_AGGRESSIVE;
				CLANG_CXX_LANGUAGE_STANDARD = "gnu++14";
				CLANG_CXX_LIBRARY = "libc++";
				CLANG_ENABLE_MODULES = YES;
				CLANG_ENABLE_OBJC_ARC = YES;
				CLANG_ENABLE_OBJC_WEAK = YES;
				CLANG_WARN_BLOCK_CAPTURE_AUTORELEASING = YES;
				CLANG_WARN_BOOL_CONVERSION = YES;
				CLANG_WARN_COMMA = YES;
				CLANG_WARN_CONSTANT_CONVERSION = YES;
				CLANG_WARN_DEPRECATED_OBJC_IMPLEMENTATIONS = YES;
				CLANG_WARN_DIRECT_OBJC_ISA_USAGE = YES_ERROR;
				CLANG_WARN_DOCUMENTATION_COMMENTS = YES;
				CLANG_WARN_EMPTY_BODY = YES;
				CLANG_WARN_ENUM_CONVERSION = YES;
				CLANG_WARN_INFINITE_RECURSION = YES;
				CLANG_WARN_INT_CONVERSION = YES;
				CLANG_WARN_NON_LITERAL_NULL_CONVERSION = YES;
				CLANG_WARN_OBJC_IMPLICIT_RETAIN_SELF = YES;
				CLANG_WARN_OBJC_LITERAL_CONVERSION = YES;
				CLANG_WARN_OBJC_ROOT_CLASS = YES_ERROR;
				CLANG_WARN_RANGE_LOOP_ANALYSIS = YES;
				CLANG_WARN_STRICT_PROTOTYPES = YES;
				CLANG_WARN_SUSPICIOUS_MOVE = YES;
				CLANG_WARN_UNGUARDED_AVAILABILITY = YES_AGGRESSIVE;
				CLANG_WARN_UNREACHABLE_CODE = YES;
				CLANG_WARN__DUPLICATE_METHOD_MATCH = YES;
				CODE_SIGN_IDENTITY = "iPhone Developer";
				COPY_PHASE_STRIP = NO;
				DEBUG_INFORMATION_FORMAT = dwarf;
				ENABLE_STRICT_OBJC_MSGSEND = YES;
				ENABLE_TESTABILITY = YES;
				GCC_C_LANGUAGE_STANDARD = gnu11;
				GCC_DYNAMIC_NO_PIC = NO;
				GCC_NO_COMMON_BLOCKS = YES;
				GCC_OPTIMIZATION_LEVEL = 0;
				GCC_PREPROCESSOR_DEFINITIONS = (
					"DEBUG=1",
					"$(inherited)",
				);
				GCC_WARN_64_TO_32_BIT_CONVERSION = YES;
				GCC_WARN_ABOUT_RETURN_TYPE = YES_ERROR;
				GCC_WARN_UNDECLARED_SELECTOR = YES;
				GCC_WARN_UNINITIALIZED_AUTOS = YES_AGGRESSIVE;
				GCC_WARN_UNUSED_FUNCTION = YES;
				GCC_WARN_UNUSED_VARIABLE = YES;
				IPHONEOS_DEPLOYMENT_TARGET = 12.4;
				MTL_ENABLE_DEBUG_INFO = INCLUDE_SOURCE;
				MTL_FAST_MATH = YES;
				ONLY_ACTIVE_ARCH = YES;
				SDKROOT = iphoneos;
				SWIFT_ACTIVE_COMPILATION_CONDITIONS = DEBUG;
				SWIFT_OPTIMIZATION_LEVEL = "-Onone";
			};
			name = Debug;
		};
		F3856AD6242C7E0C00C80C31 /* Release */ = {
			isa = XCBuildConfiguration;
			buildSettings = {
				ALWAYS_SEARCH_USER_PATHS = NO;
				CLANG_ANALYZER_NONNULL = YES;
				CLANG_ANALYZER_NUMBER_OBJECT_CONVERSION = YES_AGGRESSIVE;
				CLANG_CXX_LANGUAGE_STANDARD = "gnu++14";
				CLANG_CXX_LIBRARY = "libc++";
				CLANG_ENABLE_MODULES = YES;
				CLANG_ENABLE_OBJC_ARC = YES;
				CLANG_ENABLE_OBJC_WEAK = YES;
				CLANG_WARN_BLOCK_CAPTURE_AUTORELEASING = YES;
				CLANG_WARN_BOOL_CONVERSION = YES;
				CLANG_WARN_COMMA = YES;
				CLANG_WARN_CONSTANT_CONVERSION = YES;
				CLANG_WARN_DEPRECATED_OBJC_IMPLEMENTATIONS = YES;
				CLANG_WARN_DIRECT_OBJC_ISA_USAGE = YES_ERROR;
				CLANG_WARN_DOCUMENTATION_COMMENTS = YES;
				CLANG_WARN_EMPTY_BODY = YES;
				CLANG_WARN_ENUM_CONVERSION = YES;
				CLANG_WARN_INFINITE_RECURSION = YES;
				CLANG_WARN_INT_CONVERSION = YES;
				CLANG_WARN_NON_LITERAL_NULL_CONVERSION = YES;
				CLANG_WARN_OBJC_IMPLICIT_RETAIN_SELF = YES;
				CLANG_WARN_OBJC_LITERAL_CONVERSION = YES;
				CLANG_WARN_OBJC_ROOT_CLASS = YES_ERROR;
				CLANG_WARN_RANGE_LOOP_ANALYSIS = YES;
				CLANG_WARN_STRICT_PROTOTYPES = YES;
				CLANG_WARN_SUSPICIOUS_MOVE = YES;
				CLANG_WARN_UNGUARDED_AVAILABILITY = YES_AGGRESSIVE;
				CLANG_WARN_UNREACHABLE_CODE = YES;
				CLANG_WARN__DUPLICATE_METHOD_MATCH = YES;
				CODE_SIGN_IDENTITY = "iPhone Developer";
				COPY_PHASE_STRIP = NO;
				DEBUG_INFORMATION_FORMAT = "dwarf-with-dsym";
				ENABLE_NS_ASSERTIONS = NO;
				ENABLE_STRICT_OBJC_MSGSEND = YES;
				GCC_C_LANGUAGE_STANDARD = gnu11;
				GCC_NO_COMMON_BLOCKS = YES;
				GCC_WARN_64_TO_32_BIT_CONVERSION = YES;
				GCC_WARN_ABOUT_RETURN_TYPE = YES_ERROR;
				GCC_WARN_UNDECLARED_SELECTOR = YES;
				GCC_WARN_UNINITIALIZED_AUTOS = YES_AGGRESSIVE;
				GCC_WARN_UNUSED_FUNCTION = YES;
				GCC_WARN_UNUSED_VARIABLE = YES;
				IPHONEOS_DEPLOYMENT_TARGET = 12.4;
				MTL_ENABLE_DEBUG_INFO = NO;
				MTL_FAST_MATH = YES;
				SDKROOT = iphoneos;
				SWIFT_COMPILATION_MODE = wholemodule;
				SWIFT_OPTIMIZATION_LEVEL = "-O";
				VALIDATE_PRODUCT = YES;
			};
			name = Release;
		};
		F3856AD8242C7E0C00C80C31 /* Debug */ = {
			isa = XCBuildConfiguration;
			buildSettings = {
				ASSETCATALOG_COMPILER_APPICON_NAME = AppIcon;
				CODE_SIGN_STYLE = Automatic;
				DEVELOPMENT_TEAM = AY83H9JUQP;
				INFOPLIST_FILE = InstagramCopy/Info.plist;
				LD_RUNPATH_SEARCH_PATHS = (
					"$(inherited)",
					"@executable_path/Frameworks",
				);
				PRODUCT_BUNDLE_IDENTIFIER = kr.chunsukim.MyApp.InstagramCopy;
				PRODUCT_NAME = "$(TARGET_NAME)";
				SWIFT_VERSION = 5.0;
				TARGETED_DEVICE_FAMILY = "1,2";
			};
			name = Debug;
		};
		F3856AD9242C7E0C00C80C31 /* Release */ = {
			isa = XCBuildConfiguration;
			buildSettings = {
				ASSETCATALOG_COMPILER_APPICON_NAME = AppIcon;
				CODE_SIGN_STYLE = Automatic;
				DEVELOPMENT_TEAM = AY83H9JUQP;
				INFOPLIST_FILE = InstagramCopy/Info.plist;
				LD_RUNPATH_SEARCH_PATHS = (
					"$(inherited)",
					"@executable_path/Frameworks",
				);
				PRODUCT_BUNDLE_IDENTIFIER = kr.chunsukim.MyApp.InstagramCopy;
				PRODUCT_NAME = "$(TARGET_NAME)";
				SWIFT_VERSION = 5.0;
				TARGETED_DEVICE_FAMILY = "1,2";
			};
			name = Release;
		};
/* End XCBuildConfiguration section */

/* Begin XCConfigurationList section */
		F3856AC0242C7E0B00C80C31 /* Build configuration list for PBXProject "InstagramCopy" */ = {
			isa = XCConfigurationList;
			buildConfigurations = (
				F3856AD5242C7E0C00C80C31 /* Debug */,
				F3856AD6242C7E0C00C80C31 /* Release */,
			);
			defaultConfigurationIsVisible = 0;
			defaultConfigurationName = Release;
		};
		F3856AD7242C7E0C00C80C31 /* Build configuration list for PBXNativeTarget "InstagramCopy" */ = {
			isa = XCConfigurationList;
			buildConfigurations = (
				F3856AD8242C7E0C00C80C31 /* Debug */,
				F3856AD9242C7E0C00C80C31 /* Release */,
			);
			defaultConfigurationIsVisible = 0;
			defaultConfigurationName = Release;
		};
/* End XCConfigurationList section */
	};
	rootObject = F3856ABD242C7E0B00C80C31 /* Project object */;
}
