PODS:
  - Alamofire (5.0.0-beta.6)

DEPENDENCIES:
  - Alamofire (~> 5.0.0-beta.5)

SPEC REPOS:
  https://github.com/cocoapods/specs.git:
    - Alamofire

SPEC CHECKSUMS:
  Alamofire: cd08a4402bd12cacd0c66f23fb12fec8d6b965e4

PODFILE CHECKSUM: ec50b155c67ee4d71ac1051b651e97318d2ab687

COCOAPODS: 1.7.1
