// !$*UTF8*$!
{
	archiveVersion = 1;
	classes = {
	};
	objectVersion = 50;
	objects = {

/* Begin PBXBuildFile section */
		5213DB1122AD4963007A7E54 /* AppDelegate.swift in Sources */ = {isa = PBXBuildFile; fileRef = 5213DB1022AD4963007A7E54 /* AppDelegate.swift */; };
		5213DB1622AD4963007A7E54 /* Main.storyboard in Resources */ = {isa = PBXBuildFile; fileRef = 5213DB1422AD4963007A7E54 /* Main.storyboard */; };
		5213DB1822AD4963007A7E54 /* Assets.xcassets in Resources */ = {isa = PBXBuildFile; fileRef = 5213DB1722AD4963007A7E54 /* Assets.xcassets */; };
		5213DB1B22AD4963007A7E54 /* LaunchScreen.storyboard in Resources */ = {isa = PBXBuildFile; fileRef = 5213DB1922AD4963007A7E54 /* LaunchScreen.storyboard */; };
		521C400622AF4559009504B1 /* WeatherCasterViewController.swift in Sources */ = {isa = PBXBuildFile; fileRef = 521C400522AF4559009504B1 /* WeatherCasterViewController.swift */; };
		F39BD1C522B33D9200558101 /* SampleData.swift in Sources */ = {isa = PBXBuildFile; fileRef = F39BD1C422B33D9200558101 /* SampleData.swift */; };
		F39BD1C922B33EA700558101 /* WeatherCasterView.swift in Sources */ = {isa = PBXBuildFile; fileRef = F39BD1C822B33EA700558101 /* WeatherCasterView.swift */; };
		F39BD1CB22B33EF000558101 /* ForecastService.swift in Sources */ = {isa = PBXBuildFile; fileRef = F39BD1CA22B33EF000558101 /* ForecastService.swift */; };
		F39BD1CD22B33F4100558101 /* CurrentForecastCell.swift in Sources */ = {isa = PBXBuildFile; fileRef = F39BD1CC22B33F4100558101 /* CurrentForecastCell.swift */; };
		F39BD1D022B33FA900558101 /* ShortRangeForecastCell.swift in Sources */ = {isa = PBXBuildFile; fileRef = F39BD1CF22B33FA900558101 /* ShortRangeForecastCell.swift */; };
		F3CD58B822B21589001286FC /* UIViewExtensions.swift in Sources */ = {isa = PBXBuildFile; fileRef = F3CD58B722B21589001286FC /* UIViewExtensions.swift */; };
		F3CD58BA22B21765001286FC /* FrameExtension.swift in Sources */ = {isa = PBXBuildFile; fileRef = F3CD58B922B21765001286FC /* FrameExtension.swift */; };
		F3CD58BC22B219E2001286FC /* UITableViewExtension.swift in Sources */ = {isa = PBXBuildFile; fileRef = F3CD58BB22B219E2001286FC /* UITableViewExtension.swift */; };
		F3CD58BE22B22178001286FC /* Decoderable.swift in Sources */ = {isa = PBXBuildFile; fileRef = F3CD58BD22B22178001286FC /* Decoderable.swift */; };
		F3CD58C022B2269A001286FC /* UIButtonExtension.swift in Sources */ = {isa = PBXBuildFile; fileRef = F3CD58BF22B2269A001286FC /* UIButtonExtension.swift */; };
		F3CD58C322B227CA001286FC /* StringExtension.swift in Sources */ = {isa = PBXBuildFile; fileRef = F3CD58C222B227CA001286FC /* StringExtension.swift */; };
		F3CD58C522B227EB001286FC /* ThenExtension.swift in Sources */ = {isa = PBXBuildFile; fileRef = F3CD58C422B227EB001286FC /* ThenExtension.swift */; };
		F3CD58C722B22839001286FC /* ForecastServiceStub.swift in Sources */ = {isa = PBXBuildFile; fileRef = F3CD58C622B22839001286FC /* ForecastServiceStub.swift */; };
		F3CD58CA22B22866001286FC /* ForecastServiceType.swift in Sources */ = {isa = PBXBuildFile; fileRef = F3CD58C922B22866001286FC /* ForecastServiceType.swift */; };
		F3CD58CD22B228A6001286FC /* CurrentForecast.swift in Sources */ = {isa = PBXBuildFile; fileRef = F3CD58CC22B228A6001286FC /* CurrentForecast.swift */; };
		F3CD58CF22B228BC001286FC /* ShortRangeForecast.swift in Sources */ = {isa = PBXBuildFile; fileRef = F3CD58CE22B228BC001286FC /* ShortRangeForecast.swift */; };
		F3CD58D122B228CD001286FC /* ServiceError.swift in Sources */ = {isa = PBXBuildFile; fileRef = F3CD58D022B228CD001286FC /* ServiceError.swift */; };
		F3CD58D322B23A0B001286FC /* ForecastType.swift in Sources */ = {isa = PBXBuildFile; fileRef = F3CD58D222B23A0B001286FC /* ForecastType.swift */; };
/* End PBXBuildFile section */

/* Begin PBXFileReference section */
		5213DB0D22AD4963007A7E54 /* WeatherForecast.app */ = {isa = PBXFileReference; explicitFileType = wrapper.application; includeInIndex = 0; path = WeatherForecast.app; sourceTree = BUILT_PRODUCTS_DIR; };
		5213DB1022AD4963007A7E54 /* AppDelegate.swift */ = {isa = PBXFileReference; lastKnownFileType = sourcecode.swift; path = AppDelegate.swift; sourceTree = "<group>"; };
		5213DB1522AD4963007A7E54 /* Base */ = {isa = PBXFileReference; lastKnownFileType = file.storyboard; name = Base; path = Base.lproj/Main.storyboard; sourceTree = "<group>"; };
		5213DB1722AD4963007A7E54 /* Assets.xcassets */ = {isa = PBXFileReference; lastKnownFileType = folder.assetcatalog; path = Assets.xcassets; sourceTree = "<group>"; };
		5213DB1A22AD4963007A7E54 /* Base */ = {isa = PBXFileReference; lastKnownFileType = file.storyboard; name = Base; path = Base.lproj/LaunchScreen.storyboard; sourceTree = "<group>"; };
		5213DB1C22AD4963007A7E54 /* Info.plist */ = {isa = PBXFileReference; lastKnownFileType = text.plist.xml; path = Info.plist; sourceTree = "<group>"; };
		521C400522AF4559009504B1 /* WeatherCasterViewController.swift */ = {isa = PBXFileReference; lastKnownFileType = sourcecode.swift; path = WeatherCasterViewController.swift; sourceTree = "<group>"; };
		F39BD1C422B33D9200558101 /* SampleData.swift */ = {isa = PBXFileReference; lastKnownFileType = sourcecode.swift; path = SampleData.swift; sourceTree = "<group>"; };
		F39BD1C822B33EA700558101 /* WeatherCasterView.swift */ = {isa = PBXFileReference; lastKnownFileType = sourcecode.swift; path = WeatherCasterView.swift; sourceTree = "<group>"; };
		F39BD1CA22B33EF000558101 /* ForecastService.swift */ = {isa = PBXFileReference; lastKnownFileType = sourcecode.swift; path = ForecastService.swift; sourceTree = "<group>"; };
		F39BD1CC22B33F4100558101 /* CurrentForecastCell.swift */ = {isa = PBXFileReference; lastKnownFileType = sourcecode.swift; path = CurrentForecastCell.swift; sourceTree = "<group>"; };
		F39BD1CF22B33FA900558101 /* ShortRangeForecastCell.swift */ = {isa = PBXFileReference; lastKnownFileType = sourcecode.swift; path = ShortRangeForecastCell.swift; sourceTree = "<group>"; };
		F3CD58B722B21589001286FC /* UIViewExtensions.swift */ = {isa = PBXFileReference; lastKnownFileType = sourcecode.swift; path = UIViewExtensions.swift; sourceTree = "<group>"; };
		F3CD58B922B21765001286FC /* FrameExtension.swift */ = {isa = PBXFileReference; lastKnownFileType = sourcecode.swift; path = FrameExtension.swift; sourceTree = "<group>"; };
		F3CD58BB22B219E2001286FC /* UITableViewExtension.swift */ = {isa = PBXFileReference; lastKnownFileType = sourcecode.swift; path = UITableViewExtension.swift; sourceTree = "<group>"; };
		F3CD58BD22B22178001286FC /* Decoderable.swift */ = {isa = PBXFileReference; lastKnownFileType = sourcecode.swift; path = Decoderable.swift; sourceTree = "<group>"; };
		F3CD58BF22B2269A001286FC /* UIButtonExtension.swift */ = {isa = PBXFileReference; lastKnownFileType = sourcecode.swift; path = UIButtonExtension.swift; sourceTree = "<group>"; };
		F3CD58C222B227CA001286FC /* StringExtension.swift */ = {isa = PBXFileReference; lastKnownFileType = sourcecode.swift; path = StringExtension.swift; sourceTree = "<group>"; };
		F3CD58C422B227EB001286FC /* ThenExtension.swift */ = {isa = PBXFileReference; lastKnownFileType = sourcecode.swift; path = ThenExtension.swift; sourceTree = "<group>"; };
		F3CD58C622B22839001286FC /* ForecastServiceStub.swift */ = {isa = PBXFileReference; lastKnownFileType = sourcecode.swift; path = ForecastServiceStub.swift; sourceTree = "<group>"; };
		F3CD58C922B22866001286FC /* ForecastServiceType.swift */ = {isa = PBXFileReference; lastKnownFileType = sourcecode.swift; path = ForecastServiceType.swift; sourceTree = "<group>"; };
		F3CD58CC22B228A6001286FC /* CurrentForecast.swift */ = {isa = PBXFileReference; lastKnownFileType = sourcecode.swift; path = CurrentForecast.swift; sourceTree = "<group>"; };
		F3CD58CE22B228BC001286FC /* ShortRangeForecast.swift */ = {isa = PBXFileReference; lastKnownFileType = sourcecode.swift; path = ShortRangeForecast.swift; sourceTree = "<group>"; };
		F3CD58D022B228CD001286FC /* ServiceError.swift */ = {isa = PBXFileReference; lastKnownFileType = sourcecode.swift; path = ServiceError.swift; sourceTree = "<group>"; };
		F3CD58D222B23A0B001286FC /* ForecastType.swift */ = {isa = PBXFileReference; lastKnownFileType = sourcecode.swift; path = ForecastType.swift; sourceTree = "<group>"; };
/* End PBXFileReference section */

/* Begin PBXFrameworksBuildPhase section */
		5213DB0A22AD4963007A7E54 /* Frameworks */ = {
			isa = PBXFrameworksBuildPhase;
			buildActionMask = 2147483647;
			files = (
			);
			runOnlyForDeploymentPostprocessing = 0;
		};
/* End PBXFrameworksBuildPhase section */

/* Begin PBXGroup section */
		5213DB0422AD4963007A7E54 = {
			isa = PBXGroup;
			children = (
				5213DB0F22AD4963007A7E54 /* WeatherForecast */,
				5213DB0E22AD4963007A7E54 /* Products */,
			);
			sourceTree = "<group>";
		};
		5213DB0E22AD4963007A7E54 /* Products */ = {
			isa = PBXGroup;
			children = (
				5213DB0D22AD4963007A7E54 /* WeatherForecast.app */,
			);
			name = Products;
			sourceTree = "<group>";
		};
		5213DB0F22AD4963007A7E54 /* WeatherForecast */ = {
			isa = PBXGroup;
			children = (
				5213DB1022AD4963007A7E54 /* AppDelegate.swift */,
				F3CD58CB22B2287A001286FC /* Model */,
				F39BD1CE22B33F4E00558101 /* Cell */,
				F39BD1C622B33E5000558101 /* View */,
				F39BD1C722B33E6800558101 /* ViewController */,
				F3CD58C822B2283E001286FC /* Service */,
				F3CD58B522B21561001286FC /* Utility */,
				5213DB1422AD4963007A7E54 /* Main.storyboard */,
				5213DB1922AD4963007A7E54 /* LaunchScreen.storyboard */,
				5213DB1C22AD4963007A7E54 /* Info.plist */,
				5213DB1722AD4963007A7E54 /* Assets.xcassets */,
			);
			path = WeatherForecast;
			sourceTree = "<group>";
		};
		F39BD1C622B33E5000558101 /* View */ = {
			isa = PBXGroup;
			children = (
				F39BD1C822B33EA700558101 /* WeatherCasterView.swift */,
			);
			path = View;
			sourceTree = "<group>";
		};
		F39BD1C722B33E6800558101 /* ViewController */ = {
			isa = PBXGroup;
			children = (
				521C400522AF4559009504B1 /* WeatherCasterViewController.swift */,
			);
			path = ViewController;
			sourceTree = "<group>";
		};
		F39BD1CE22B33F4E00558101 /* Cell */ = {
			isa = PBXGroup;
			children = (
				F39BD1CC22B33F4100558101 /* CurrentForecastCell.swift */,
				F39BD1CF22B33FA900558101 /* ShortRangeForecastCell.swift */,
			);
			path = Cell;
			sourceTree = "<group>";
		};
		F3CD58B522B21561001286FC /* Utility */ = {
			isa = PBXGroup;
			children = (
				F3CD58B622B21572001286FC /* Extention */,
			);
			path = Utility;
			sourceTree = "<group>";
		};
		F3CD58B622B21572001286FC /* Extention */ = {
			isa = PBXGroup;
			children = (
				F3CD58B922B21765001286FC /* FrameExtension.swift */,
				F3CD58BD22B22178001286FC /* Decoderable.swift */,
				F3CD58B722B21589001286FC /* UIViewExtensions.swift */,
				F3CD58BF22B2269A001286FC /* UIButtonExtension.swift */,
				F3CD58BB22B219E2001286FC /* UITableViewExtension.swift */,
				F3CD58C222B227CA001286FC /* StringExtension.swift */,
				F3CD58C422B227EB001286FC /* ThenExtension.swift */,
			);
			path = Extention;
			sourceTree = "<group>";
		};
		F3CD58C822B2283E001286FC /* Service */ = {
			isa = PBXGroup;
			children = (
				F3CD58D022B228CD001286FC /* ServiceError.swift */,
				F3CD58C922B22866001286FC /* ForecastServiceType.swift */,
				F3CD58C622B22839001286FC /* ForecastServiceStub.swift */,
				F39BD1CA22B33EF000558101 /* ForecastService.swift */,
			);
			path = Service;
			sourceTree = "<group>";
		};
		F3CD58CB22B2287A001286FC /* Model */ = {
			isa = PBXGroup;
			children = (
				F3CD58D222B23A0B001286FC /* ForecastType.swift */,
				F3CD58CC22B228A6001286FC /* CurrentForecast.swift */,
				F3CD58CE22B228BC001286FC /* ShortRangeForecast.swift */,
				F39BD1C422B33D9200558101 /* SampleData.swift */,
			);
			path = Model;
			sourceTree = "<group>";
		};
/* End PBXGroup section */

/* Begin PBXNativeTarget section */
		5213DB0C22AD4963007A7E54 /* WeatherForecast */ = {
			isa = PBXNativeTarget;
			buildConfigurationList = 5213DB1F22AD4963007A7E54 /* Build configuration list for PBXNativeTarget "WeatherForecast" */;
			buildPhases = (
				5213DB0922AD4963007A7E54 /* Sources */,
				5213DB0A22AD4963007A7E54 /* Frameworks */,
				5213DB0B22AD4963007A7E54 /* Resources */,
			);
			buildRules = (
			);
			dependencies = (
			);
			name = WeatherForecast;
			productName = WeatherForecast;
			productReference = 5213DB0D22AD4963007A7E54 /* WeatherForecast.app */;
			productType = "com.apple.product-type.application";
		};
/* End PBXNativeTarget section */

/* Begin PBXProject section */
		5213DB0522AD4963007A7E54 /* Project object */ = {
			isa = PBXProject;
			attributes = {
				LastSwiftUpdateCheck = 1020;
				LastUpgradeCheck = 1020;
				ORGANIZATIONNAME = giftbot;
				TargetAttributes = {
					5213DB0C22AD4963007A7E54 = {
						CreatedOnToolsVersion = 10.2.1;
					};
				};
			};
			buildConfigurationList = 5213DB0822AD4963007A7E54 /* Build configuration list for PBXProject "WeatherForecast" */;
			compatibilityVersion = "Xcode 9.3";
			developmentRegion = en;
			hasScannedForEncodings = 0;
			knownRegions = (
				en,
				Base,
			);
			mainGroup = 5213DB0422AD4963007A7E54;
			productRefGroup = 5213DB0E22AD4963007A7E54 /* Products */;
			projectDirPath = "";
			projectRoot = "";
			targets = (
				5213DB0C22AD4963007A7E54 /* WeatherForecast */,
			);
		};
/* End PBXProject section */

/* Begin PBXResourcesBuildPhase section */
		5213DB0B22AD4963007A7E54 /* Resources */ = {
			isa = PBXResourcesBuildPhase;
			buildActionMask = 2147483647;
			files = (
				5213DB1B22AD4963007A7E54 /* LaunchScreen.storyboard in Resources */,
				5213DB1822AD4963007A7E54 /* Assets.xcassets in Resources */,
				5213DB1622AD4963007A7E54 /* Main.storyboard in Resources */,
			);
			runOnlyForDeploymentPostprocessing = 0;
		};
/* End PBXResourcesBuildPhase section */

/* Begin PBXSourcesBuildPhase section */
		5213DB0922AD4963007A7E54 /* Sources */ = {
			isa = PBXSourcesBuildPhase;
			buildActionMask = 2147483647;
			files = (
				F3CD58C722B22839001286FC /* ForecastServiceStub.swift in Sources */,
				521C400622AF4559009504B1 /* WeatherCasterViewController.swift in Sources */,
				F3CD58BC22B219E2001286FC /* UITableViewExtension.swift in Sources */,
				F3CD58B822B21589001286FC /* UIViewExtensions.swift in Sources */,
				5213DB1122AD4963007A7E54 /* AppDelegate.swift in Sources */,
				F3CD58D322B23A0B001286FC /* ForecastType.swift in Sources */,
				F3CD58C522B227EB001286FC /* ThenExtension.swift in Sources */,
				F39BD1C522B33D9200558101 /* SampleData.swift in Sources */,
				F3CD58C322B227CA001286FC /* StringExtension.swift in Sources */,
				F3CD58C022B2269A001286FC /* UIButtonExtension.swift in Sources */,
				F39BD1CB22B33EF000558101 /* ForecastService.swift in Sources */,
				F3CD58BE22B22178001286FC /* Decoderable.swift in Sources */,
				F3CD58CF22B228BC001286FC /* ShortRangeForecast.swift in Sources */,
				F39BD1CD22B33F4100558101 /* CurrentForecastCell.swift in Sources */,
				F3CD58BA22B21765001286FC /* FrameExtension.swift in Sources */,
				F39BD1D022B33FA900558101 /* ShortRangeForecastCell.swift in Sources */,
				F3CD58CD22B228A6001286FC /* CurrentForecast.swift in Sources */,
				F39BD1C922B33EA700558101 /* WeatherCasterView.swift in Sources */,
				F3CD58D122B228CD001286FC /* ServiceError.swift in Sources */,
				F3CD58CA22B22866001286FC /* ForecastServiceType.swift in Sources */,
			);
			runOnlyForDeploymentPostprocessing = 0;
		};
/* End PBXSourcesBuildPhase section */

/* Begin PBXVariantGroup section */
		5213DB1422AD4963007A7E54 /* Main.storyboard */ = {
			isa = PBXVariantGroup;
			children = (
				5213DB1522AD4963007A7E54 /* Base */,
			);
			name = Main.storyboard;
			sourceTree = "<group>";
		};
		5213DB1922AD4963007A7E54 /* LaunchScreen.storyboard */ = {
			isa = PBXVariantGroup;
			children = (
				5213DB1A22AD4963007A7E54 /* Base */,
			);
			name = LaunchScreen.storyboard;
			sourceTree = "<group>";
		};
/* End PBXVariantGroup section */

/* Begin XCBuildConfiguration section */
		5213DB1D22AD4963007A7E54 /* Debug */ = {
			isa = XCBuildConfiguration;
			buildSettings = {
				ALWAYS_SEARCH_USER_PATHS = NO;
				CLANG_ANALYZER_NONNULL = YES;
				CLANG_ANALYZER_NUMBER_OBJECT_CONVERSION = YES_AGGRESSIVE;
				CLANG_CXX_LANGUAGE_STANDARD = "gnu++14";
				CLANG_CXX_LIBRARY = "libc++";
				CLANG_ENABLE_MODULES = YES;
				CLANG_ENABLE_OBJC_ARC = YES;
				CLANG_ENABLE_OBJC_WEAK = YES;
				CLANG_WARN_BLOCK_CAPTURE_AUTORELEASING = YES;
				CLANG_WARN_BOOL_CONVERSION = YES;
				CLANG_WARN_COMMA = YES;
				CLANG_WARN_CONSTANT_CONVERSION = YES;
				CLANG_WARN_DEPRECATED_OBJC_IMPLEMENTATIONS = YES;
				CLANG_WARN_DIRECT_OBJC_ISA_USAGE = YES_ERROR;
				CLANG_WARN_DOCUMENTATION_COMMENTS = YES;
				CLANG_WARN_EMPTY_BODY = YES;
				CLANG_WARN_ENUM_CONVERSION = YES;
				CLANG_WARN_INFINITE_RECURSION = YES;
				CLANG_WARN_INT_CONVERSION = YES;
				CLANG_WARN_NON_LITERAL_NULL_CONVERSION = YES;
				CLANG_WARN_OBJC_IMPLICIT_RETAIN_SELF = YES;
				CLANG_WARN_OBJC_LITERAL_CONVERSION = YES;
				CLANG_WARN_OBJC_ROOT_CLASS = YES_ERROR;
				CLANG_WARN_RANGE_LOOP_ANALYSIS = YES;
				CLANG_WARN_STRICT_PROTOTYPES = YES;
				CLANG_WARN_SUSPICIOUS_MOVE = YES;
				CLANG_WARN_UNGUARDED_AVAILABILITY = YES_AGGRESSIVE;
				CLANG_WARN_UNREACHABLE_CODE = YES;
				CLANG_WARN__DUPLICATE_METHOD_MATCH = YES;
				CODE_SIGN_IDENTITY = "iPhone Developer";
				COPY_PHASE_STRIP = NO;
				DEBUG_INFORMATION_FORMAT = dwarf;
				ENABLE_STRICT_OBJC_MSGSEND = YES;
				ENABLE_TESTABILITY = YES;
				GCC_C_LANGUAGE_STANDARD = gnu11;
				GCC_DYNAMIC_NO_PIC = NO;
				GCC_NO_COMMON_BLOCKS = YES;
				GCC_OPTIMIZATION_LEVEL = 0;
				GCC_PREPROCESSOR_DEFINITIONS = (
					"DEBUG=1",
					"$(inherited)",
				);
				GCC_WARN_64_TO_32_BIT_CONVERSION = YES;
				GCC_WARN_ABOUT_RETURN_TYPE = YES_ERROR;
				GCC_WARN_UNDECLARED_SELECTOR = YES;
				GCC_WARN_UNINITIALIZED_AUTOS = YES_AGGRESSIVE;
				GCC_WARN_UNUSED_FUNCTION = YES;
				GCC_WARN_UNUSED_VARIABLE = YES;
				IPHONEOS_DEPLOYMENT_TARGET = 12.2;
				MTL_ENABLE_DEBUG_INFO = INCLUDE_SOURCE;
				MTL_FAST_MATH = YES;
				ONLY_ACTIVE_ARCH = YES;
				SDKROOT = iphoneos;
				SWIFT_ACTIVE_COMPILATION_CONDITIONS = DEBUG;
				SWIFT_OPTIMIZATION_LEVEL = "-Onone";
			};
			name = Debug;
		};
		5213DB1E22AD4963007A7E54 /* Release */ = {
			isa = XCBuildConfiguration;
			buildSettings = {
				ALWAYS_SEARCH_USER_PATHS = NO;
				CLANG_ANALYZER_NONNULL = YES;
				CLANG_ANALYZER_NUMBER_OBJECT_CONVERSION = YES_AGGRESSIVE;
				CLANG_CXX_LANGUAGE_STANDARD = "gnu++14";
				CLANG_CXX_LIBRARY = "libc++";
				CLANG_ENABLE_MODULES = YES;
				CLANG_ENABLE_OBJC_ARC = YES;
				CLANG_ENABLE_OBJC_WEAK = YES;
				CLANG_WARN_BLOCK_CAPTURE_AUTORELEASING = YES;
				CLANG_WARN_BOOL_CONVERSION = YES;
				CLANG_WARN_COMMA = YES;
				CLANG_WARN_CONSTANT_CONVERSION = YES;
				CLANG_WARN_DEPRECATED_OBJC_IMPLEMENTATIONS = YES;
				CLANG_WARN_DIRECT_OBJC_ISA_USAGE = YES_ERROR;
				CLANG_WARN_DOCUMENTATION_COMMENTS = YES;
				CLANG_WARN_EMPTY_BODY = YES;
				CLANG_WARN_ENUM_CONVERSION = YES;
				CLANG_WARN_INFINITE_RECURSION = YES;
				CLANG_WARN_INT_CONVERSION = YES;
				CLANG_WARN_NON_LITERAL_NULL_CONVERSION = YES;
				CLANG_WARN_OBJC_IMPLICIT_RETAIN_SELF = YES;
				CLANG_WARN_OBJC_LITERAL_CONVERSION = YES;
				CLANG_WARN_OBJC_ROOT_CLASS = YES_ERROR;
				CLANG_WARN_RANGE_LOOP_ANALYSIS = YES;
				CLANG_WARN_STRICT_PROTOTYPES = YES;
				CLANG_WARN_SUSPICIOUS_MOVE = YES;
				CLANG_WARN_UNGUARDED_AVAILABILITY = YES_AGGRESSIVE;
				CLANG_WARN_UNREACHABLE_CODE = YES;
				CLANG_WARN__DUPLICATE_METHOD_MATCH = YES;
				CODE_SIGN_IDENTITY = "iPhone Developer";
				COPY_PHASE_STRIP = NO;
				DEBUG_INFORMATION_FORMAT = "dwarf-with-dsym";
				ENABLE_NS_ASSERTIONS = NO;
				ENABLE_STRICT_OBJC_MSGSEND = YES;
				GCC_C_LANGUAGE_STANDARD = gnu11;
				GCC_NO_COMMON_BLOCKS = YES;
				GCC_WARN_64_TO_32_BIT_CONVERSION = YES;
				GCC_WARN_ABOUT_RETURN_TYPE = YES_ERROR;
				GCC_WARN_UNDECLARED_SELECTOR = YES;
				GCC_WARN_UNINITIALIZED_AUTOS = YES_AGGRESSIVE;
				GCC_WARN_UNUSED_FUNCTION = YES;
				GCC_WARN_UNUSED_VARIABLE = YES;
				IPHONEOS_DEPLOYMENT_TARGET = 12.2;
				MTL_ENABLE_DEBUG_INFO = NO;
				MTL_FAST_MATH = YES;
				SDKROOT = iphoneos;
				SWIFT_COMPILATION_MODE = wholemodule;
				SWIFT_OPTIMIZATION_LEVEL = "-O";
				VALIDATE_PRODUCT = YES;
			};
			name = Release;
		};
		5213DB2022AD4963007A7E54 /* Debug */ = {
			isa = XCBuildConfiguration;
			buildSettings = {
				ASSETCATALOG_COMPILER_APPICON_NAME = AppIcon;
				CODE_SIGN_STYLE = Automatic;
				DEVELOPMENT_TEAM = G4MM77V7NH;
				INFOPLIST_FILE = "$(SRCROOT)/WeatherForecast/Info.plist";
				LD_RUNPATH_SEARCH_PATHS = (
					"$(inherited)",
					"@executable_path/Frameworks",
				);
				PRODUCT_BUNDLE_IDENTIFIER = kr.giftbot.example.WeatherForecast;
				PRODUCT_NAME = "$(TARGET_NAME)";
				SWIFT_VERSION = 5.0;
				TARGETED_DEVICE_FAMILY = "1,2";
			};
			name = Debug;
		};
		5213DB2122AD4963007A7E54 /* Release */ = {
			isa = XCBuildConfiguration;
			buildSettings = {
				ASSETCATALOG_COMPILER_APPICON_NAME = AppIcon;
				CODE_SIGN_STYLE = Automatic;
				DEVELOPMENT_TEAM = G4MM77V7NH;
				INFOPLIST_FILE = "$(SRCROOT)/WeatherForecast/Info.plist";
				LD_RUNPATH_SEARCH_PATHS = (
					"$(inherited)",
					"@executable_path/Frameworks",
				);
				PRODUCT_BUNDLE_IDENTIFIER = kr.giftbot.example.WeatherForecast;
				PRODUCT_NAME = "$(TARGET_NAME)";
				SWIFT_VERSION = 5.0;
				TARGETED_DEVICE_FAMILY = "1,2";
			};
			name = Release;
		};
/* End XCBuildConfiguration section */

/* Begin XCConfigurationList section */
		5213DB0822AD4963007A7E54 /* Build configuration list for PBXProject "WeatherForecast" */ = {
			isa = XCConfigurationList;
			buildConfigurations = (
				5213DB1D22AD4963007A7E54 /* Debug */,
				5213DB1E22AD4963007A7E54 /* Release */,
			);
			defaultConfigurationIsVisible = 0;
			defaultConfigurationName = Release;
		};
		5213DB1F22AD4963007A7E54 /* Build configuration list for PBXNativeTarget "WeatherForecast" */ = {
			isa = XCConfigurationList;
			buildConfigurations = (
				5213DB2022AD4963007A7E54 /* Debug */,
				5213DB2122AD4963007A7E54 /* Release */,
			);
			defaultConfigurationIsVisible = 0;
			defaultConfigurationName = Release;
		};
/* End XCConfigurationList section */
	};
	rootObject = 5213DB0522AD4963007A7E54 /* Project object */;
}
