// !$*UTF8*$!
{
	archiveVersion = 1;
	classes = {
	};
	objectVersion = 51;
	objects = {

/* Begin PBXBuildFile section */
		8F5BE67768CA74106F3E3BD4 /* Pods_MapViewGoogleAPI.framework in Frameworks */ = {isa = PBXBuildFile; fileRef = 33394A2A338797BA76C3151D /* Pods_MapViewGoogleAPI.framework */; };
		F385B32822D5AE1900F3B35E /* AppDelegate.swift in Sources */ = {isa = PBXBuildFile; fileRef = F385B32722D5AE1900F3B35E /* AppDelegate.swift */; };
		F385B32A22D5AE1900F3B35E /* ViewController.swift in Sources */ = {isa = PBXBuildFile; fileRef = F385B32922D5AE1900F3B35E /* ViewController.swift */; };
		F385B32D22D5AE1900F3B35E /* Main.storyboard in Resources */ = {isa = PBXBuildFile; fileRef = F385B32B22D5AE1900F3B35E /* Main.storyboard */; };
		F385B32F22D5AE1B00F3B35E /* Assets.xcassets in Resources */ = {isa = PBXBuildFile; fileRef = F385B32E22D5AE1B00F3B35E /* Assets.xcassets */; };
		F385B33222D5AE1B00F3B35E /* LaunchScreen.storyboard in Resources */ = {isa = PBXBuildFile; fileRef = F385B33022D5AE1B00F3B35E /* LaunchScreen.storyboard */; };
		F385B33A22D5B7FE00F3B35E /* Common.swift in Sources */ = {isa = PBXBuildFile; fileRef = F385B33922D5B7FE00F3B35E /* Common.swift */; };
/* End PBXBuildFile section */

/* Begin PBXFileReference section */
		29BC6469377B98F72ED3E2D6 /* Pods-MapViewGoogleAPI.debug.xcconfig */ = {isa = PBXFileReference; includeInIndex = 1; lastKnownFileType = text.xcconfig; name = "Pods-MapViewGoogleAPI.debug.xcconfig"; path = "Target Support Files/Pods-MapViewGoogleAPI/Pods-MapViewGoogleAPI.debug.xcconfig"; sourceTree = "<group>"; };
		33394A2A338797BA76C3151D /* Pods_MapViewGoogleAPI.framework */ = {isa = PBXFileReference; explicitFileType = wrapper.framework; includeInIndex = 0; path = Pods_MapViewGoogleAPI.framework; sourceTree = BUILT_PRODUCTS_DIR; };
		6C596804ADEF85D960FAF5F1 /* Pods-MapViewGoogleAPI.release.xcconfig */ = {isa = PBXFileReference; includeInIndex = 1; lastKnownFileType = text.xcconfig; name = "Pods-MapViewGoogleAPI.release.xcconfig"; path = "Target Support Files/Pods-MapViewGoogleAPI/Pods-MapViewGoogleAPI.release.xcconfig"; sourceTree = "<group>"; };
		F385B32422D5AE1900F3B35E /* MapViewGoogleAPI.app */ = {isa = PBXFileReference; explicitFileType = wrapper.application; includeInIndex = 0; path = MapViewGoogleAPI.app; sourceTree = BUILT_PRODUCTS_DIR; };
		F385B32722D5AE1900F3B35E /* AppDelegate.swift */ = {isa = PBXFileReference; lastKnownFileType = sourcecode.swift; path = AppDelegate.swift; sourceTree = "<group>"; };
		F385B32922D5AE1900F3B35E /* ViewController.swift */ = {isa = PBXFileReference; lastKnownFileType = sourcecode.swift; path = ViewController.swift; sourceTree = "<group>"; };
		F385B32C22D5AE1900F3B35E /* Base */ = {isa = PBXFileReference; lastKnownFileType = file.storyboard; name = Base; path = Base.lproj/Main.storyboard; sourceTree = "<group>"; };
		F385B32E22D5AE1B00F3B35E /* Assets.xcassets */ = {isa = PBXFileReference; lastKnownFileType = folder.assetcatalog; path = Assets.xcassets; sourceTree = "<group>"; };
		F385B33122D5AE1B00F3B35E /* Base */ = {isa = PBXFileReference; lastKnownFileType = file.storyboard; name = Base; path = Base.lproj/LaunchScreen.storyboard; sourceTree = "<group>"; };
		F385B33322D5AE1B00F3B35E /* Info.plist */ = {isa = PBXFileReference; lastKnownFileType = text.plist.xml; path = Info.plist; sourceTree = "<group>"; };
		F385B33922D5B7FE00F3B35E /* Common.swift */ = {isa = PBXFileReference; lastKnownFileType = sourcecode.swift; path = Common.swift; sourceTree = "<group>"; };
/* End PBXFileReference section */

/* Begin PBXFrameworksBuildPhase section */
		F385B32122D5AE1900F3B35E /* Frameworks */ = {
			isa = PBXFrameworksBuildPhase;
			buildActionMask = 2147483647;
			files = (
				8F5BE67768CA74106F3E3BD4 /* Pods_MapViewGoogleAPI.framework in Frameworks */,
			);
			runOnlyForDeploymentPostprocessing = 0;
		};
/* End PBXFrameworksBuildPhase section */

/* Begin PBXGroup section */
		8C54E6079D969DE735D00D49 /* Frameworks */ = {
			isa = PBXGroup;
			children = (
				33394A2A338797BA76C3151D /* Pods_MapViewGoogleAPI.framework */,
			);
			name = Frameworks;
			sourceTree = "<group>";
		};
		9AF9E0854E0B7A63BCAAF76C /* Pods */ = {
			isa = PBXGroup;
			children = (
				29BC6469377B98F72ED3E2D6 /* Pods-MapViewGoogleAPI.debug.xcconfig */,
				6C596804ADEF85D960FAF5F1 /* Pods-MapViewGoogleAPI.release.xcconfig */,
			);
			path = Pods;
			sourceTree = "<group>";
		};
		F385B31B22D5AE1900F3B35E = {
			isa = PBXGroup;
			children = (
				F385B32622D5AE1900F3B35E /* MapViewGoogleAPI */,
				F385B32522D5AE1900F3B35E /* Products */,
				9AF9E0854E0B7A63BCAAF76C /* Pods */,
				8C54E6079D969DE735D00D49 /* Frameworks */,
			);
			sourceTree = "<group>";
		};
		F385B32522D5AE1900F3B35E /* Products */ = {
			isa = PBXGroup;
			children = (
				F385B32422D5AE1900F3B35E /* MapViewGoogleAPI.app */,
			);
			name = Products;
			sourceTree = "<group>";
		};
		F385B32622D5AE1900F3B35E /* MapViewGoogleAPI */ = {
			isa = PBXGroup;
			children = (
				F385B32722D5AE1900F3B35E /* AppDelegate.swift */,
				F385B32922D5AE1900F3B35E /* ViewController.swift */,
				F385B32B22D5AE1900F3B35E /* Main.storyboard */,
				F385B32E22D5AE1B00F3B35E /* Assets.xcassets */,
				F385B33022D5AE1B00F3B35E /* LaunchScreen.storyboard */,
				F385B33322D5AE1B00F3B35E /* Info.plist */,
				F385B33922D5B7FE00F3B35E /* Common.swift */,
			);
			path = MapViewGoogleAPI;
			sourceTree = "<group>";
		};
/* End PBXGroup section */

/* Begin PBXNativeTarget section */
		F385B32322D5AE1900F3B35E /* MapViewGoogleAPI */ = {
			isa = PBXNativeTarget;
			buildConfigurationList = F385B33622D5AE1B00F3B35E /* Build configuration list for PBXNativeTarget "MapViewGoogleAPI" */;
			buildPhases = (
				B3B3FDFBF119988A2493ABBB /* [CP] Check Pods Manifest.lock */,
				F385B32022D5AE1900F3B35E /* Sources */,
				F385B32122D5AE1900F3B35E /* Frameworks */,
				F385B32222D5AE1900F3B35E /* Resources */,
				F357DD43C051053D74978979 /* [CP] Copy Pods Resources */,
			);
			buildRules = (
			);
			dependencies = (
			);
			name = MapViewGoogleAPI;
			productName = MapViewGoogleAPI;
			productReference = F385B32422D5AE1900F3B35E /* MapViewGoogleAPI.app */;
			productType = "com.apple.product-type.application";
		};
/* End PBXNativeTarget section */

/* Begin PBXProject section */
		F385B31C22D5AE1900F3B35E /* Project object */ = {
			isa = PBXProject;
			attributes = {
				LastSwiftUpdateCheck = 1020;
				LastUpgradeCheck = 1020;
				ORGANIZATIONNAME = "Chunsu Kim";
				TargetAttributes = {
					F385B32322D5AE1900F3B35E = {
						CreatedOnToolsVersion = 10.2.1;
					};
				};
			};
			buildConfigurationList = F385B31F22D5AE1900F3B35E /* Build configuration list for PBXProject "MapViewGoogleAPI" */;
			compatibilityVersion = "Xcode 9.3";
			developmentRegion = en;
			hasScannedForEncodings = 0;
			knownRegions = (
				en,
				Base,
			);
			mainGroup = F385B31B22D5AE1900F3B35E;
			productRefGroup = F385B32522D5AE1900F3B35E /* Products */;
			projectDirPath = "";
			projectRoot = "";
			targets = (
				F385B32322D5AE1900F3B35E /* MapViewGoogleAPI */,
			);
		};
/* End PBXProject section */

/* Begin PBXResourcesBuildPhase section */
		F385B32222D5AE1900F3B35E /* Resources */ = {
			isa = PBXResourcesBuildPhase;
			buildActionMask = 2147483647;
			files = (
				F385B33222D5AE1B00F3B35E /* LaunchScreen.storyboard in Resources */,
				F385B32F22D5AE1B00F3B35E /* Assets.xcassets in Resources */,
				F385B32D22D5AE1900F3B35E /* Main.storyboard in Resources */,
			);
			runOnlyForDeploymentPostprocessing = 0;
		};
/* End PBXResourcesBuildPhase section */

/* Begin PBXShellScriptBuildPhase section */
		B3B3FDFBF119988A2493ABBB /* [CP] Check Pods Manifest.lock */ = {
			isa = PBXShellScriptBuildPhase;
			buildActionMask = 2147483647;
			files = (
			);
			inputFileListPaths = (
			);
			inputPaths = (
				"${PODS_PODFILE_DIR_PATH}/Podfile.lock",
				"${PODS_ROOT}/Manifest.lock",
			);
			name = "[CP] Check Pods Manifest.lock";
			outputFileListPaths = (
			);
			outputPaths = (
				"$(DERIVED_FILE_DIR)/Pods-MapViewGoogleAPI-checkManifestLockResult.txt",
			);
			runOnlyForDeploymentPostprocessing = 0;
			shellPath = /bin/sh;
			shellScript = "diff \"${PODS_PODFILE_DIR_PATH}/Podfile.lock\" \"${PODS_ROOT}/Manifest.lock\" > /dev/null\nif [ $? != 0 ] ; then\n    # print error to STDERR\n    echo \"error: The sandbox is not in sync with the Podfile.lock. Run 'pod install' or update your CocoaPods installation.\" >&2\n    exit 1\nfi\n# This output is used by Xcode 'outputs' to avoid re-running this script phase.\necho \"SUCCESS\" > \"${SCRIPT_OUTPUT_FILE_0}\"\n";
			showEnvVarsInLog = 0;
		};
		F357DD43C051053D74978979 /* [CP] Copy Pods Resources */ = {
			isa = PBXShellScriptBuildPhase;
			buildActionMask = 2147483647;
			files = (
			);
			inputFileListPaths = (
				"${PODS_ROOT}/Target Support Files/Pods-MapViewGoogleAPI/Pods-MapViewGoogleAPI-resources-${CONFIGURATION}-input-files.xcfilelist",
			);
			name = "[CP] Copy Pods Resources";
			outputFileListPaths = (
				"${PODS_ROOT}/Target Support Files/Pods-MapViewGoogleAPI/Pods-MapViewGoogleAPI-resources-${CONFIGURATION}-output-files.xcfilelist",
			);
			runOnlyForDeploymentPostprocessing = 0;
			shellPath = /bin/sh;
			shellScript = "\"${PODS_ROOT}/Target Support Files/Pods-MapViewGoogleAPI/Pods-MapViewGoogleAPI-resources.sh\"\n";
			showEnvVarsInLog = 0;
		};
/* End PBXShellScriptBuildPhase section */

/* Begin PBXSourcesBuildPhase section */
		F385B32022D5AE1900F3B35E /* Sources */ = {
			isa = PBXSourcesBuildPhase;
			buildActionMask = 2147483647;
			files = (
				F385B32A22D5AE1900F3B35E /* ViewController.swift in Sources */,
				F385B33A22D5B7FE00F3B35E /* Common.swift in Sources */,
				F385B32822D5AE1900F3B35E /* AppDelegate.swift in Sources */,
			);
			runOnlyForDeploymentPostprocessing = 0;
		};
/* End PBXSourcesBuildPhase section */

/* Begin PBXVariantGroup section */
		F385B32B22D5AE1900F3B35E /* Main.storyboard */ = {
			isa = PBXVariantGroup;
			children = (
				F385B32C22D5AE1900F3B35E /* Base */,
			);
			name = Main.storyboard;
			sourceTree = "<group>";
		};
		F385B33022D5AE1B00F3B35E /* LaunchScreen.storyboard */ = {
			isa = PBXVariantGroup;
			children = (
				F385B33122D5AE1B00F3B35E /* Base */,
			);
			name = LaunchScreen.storyboard;
			sourceTree = "<group>";
		};
/* End PBXVariantGroup section */

/* Begin XCBuildConfiguration section */
		F385B33422D5AE1B00F3B35E /* Debug */ = {
			isa = XCBuildConfiguration;
			buildSettings = {
				ALWAYS_SEARCH_USER_PATHS = NO;
				CLANG_ANALYZER_NONNULL = YES;
				CLANG_ANALYZER_NUMBER_OBJECT_CONVERSION = YES_AGGRESSIVE;
				CLANG_CXX_LANGUAGE_STANDARD = "gnu++14";
				CLANG_CXX_LIBRARY = "libc++";
				CLANG_ENABLE_MODULES = YES;
				CLANG_ENABLE_OBJC_ARC = YES;
				CLANG_ENABLE_OBJC_WEAK = YES;
				CLANG_WARN_BLOCK_CAPTURE_AUTORELEASING = YES;
				CLANG_WARN_BOOL_CONVERSION = YES;
				CLANG_WARN_COMMA = YES;
				CLANG_WARN_CONSTANT_CONVERSION = YES;
				CLANG_WARN_DEPRECATED_OBJC_IMPLEMENTATIONS = YES;
				CLANG_WARN_DIRECT_OBJC_ISA_USAGE = YES_ERROR;
				CLANG_WARN_DOCUMENTATION_COMMENTS = YES;
				CLANG_WARN_EMPTY_BODY = YES;
				CLANG_WARN_ENUM_CONVERSION = YES;
				CLANG_WARN_INFINITE_RECURSION = YES;
				CLANG_WARN_INT_CONVERSION = YES;
				CLANG_WARN_NON_LITERAL_NULL_CONVERSION = YES;
				CLANG_WARN_OBJC_IMPLICIT_RETAIN_SELF = YES;
				CLANG_WARN_OBJC_LITERAL_CONVERSION = YES;
				CLANG_WARN_OBJC_ROOT_CLASS = YES_ERROR;
				CLANG_WARN_RANGE_LOOP_ANALYSIS = YES;
				CLANG_WARN_STRICT_PROTOTYPES = YES;
				CLANG_WARN_SUSPICIOUS_MOVE = YES;
				CLANG_WARN_UNGUARDED_AVAILABILITY = YES_AGGRESSIVE;
				CLANG_WARN_UNREACHABLE_CODE = YES;
				CLANG_WARN__DUPLICATE_METHOD_MATCH = YES;
				CODE_SIGN_IDENTITY = "iPhone Developer";
				COPY_PHASE_STRIP = NO;
				DEBUG_INFORMATION_FORMAT = dwarf;
				ENABLE_STRICT_OBJC_MSGSEND = YES;
				ENABLE_TESTABILITY = YES;
				GCC_C_LANGUAGE_STANDARD = gnu11;
				GCC_DYNAMIC_NO_PIC = NO;
				GCC_NO_COMMON_BLOCKS = YES;
				GCC_OPTIMIZATION_LEVEL = 0;
				GCC_PREPROCESSOR_DEFINITIONS = (
					"DEBUG=1",
					"$(inherited)",
				);
				GCC_WARN_64_TO_32_BIT_CONVERSION = YES;
				GCC_WARN_ABOUT_RETURN_TYPE = YES_ERROR;
				GCC_WARN_UNDECLARED_SELECTOR = YES;
				GCC_WARN_UNINITIALIZED_AUTOS = YES_AGGRESSIVE;
				GCC_WARN_UNUSED_FUNCTION = YES;
				GCC_WARN_UNUSED_VARIABLE = YES;
				IPHONEOS_DEPLOYMENT_TARGET = 12.2;
				MTL_ENABLE_DEBUG_INFO = INCLUDE_SOURCE;
				MTL_FAST_MATH = YES;
				ONLY_ACTIVE_ARCH = YES;
				SDKROOT = iphoneos;
				SWIFT_ACTIVE_COMPILATION_CONDITIONS = DEBUG;
				SWIFT_OPTIMIZATION_LEVEL = "-Onone";
			};
			name = Debug;
		};
		F385B33522D5AE1B00F3B35E /* Release */ = {
			isa = XCBuildConfiguration;
			buildSettings = {
				ALWAYS_SEARCH_USER_PATHS = NO;
				CLANG_ANALYZER_NONNULL = YES;
				CLANG_ANALYZER_NUMBER_OBJECT_CONVERSION = YES_AGGRESSIVE;
				CLANG_CXX_LANGUAGE_STANDARD = "gnu++14";
				CLANG_CXX_LIBRARY = "libc++";
				CLANG_ENABLE_MODULES = YES;
				CLANG_ENABLE_OBJC_ARC = YES;
				CLANG_ENABLE_OBJC_WEAK = YES;
				CLANG_WARN_BLOCK_CAPTURE_AUTORELEASING = YES;
				CLANG_WARN_BOOL_CONVERSION = YES;
				CLANG_WARN_COMMA = YES;
				CLANG_WARN_CONSTANT_CONVERSION = YES;
				CLANG_WARN_DEPRECATED_OBJC_IMPLEMENTATIONS = YES;
				CLANG_WARN_DIRECT_OBJC_ISA_USAGE = YES_ERROR;
				CLANG_WARN_DOCUMENTATION_COMMENTS = YES;
				CLANG_WARN_EMPTY_BODY = YES;
				CLANG_WARN_ENUM_CONVERSION = YES;
				CLANG_WARN_INFINITE_RECURSION = YES;
				CLANG_WARN_INT_CONVERSION = YES;
				CLANG_WARN_NON_LITERAL_NULL_CONVERSION = YES;
				CLANG_WARN_OBJC_IMPLICIT_RETAIN_SELF = YES;
				CLANG_WARN_OBJC_LITERAL_CONVERSION = YES;
				CLANG_WARN_OBJC_ROOT_CLASS = YES_ERROR;
				CLANG_WARN_RANGE_LOOP_ANALYSIS = YES;
				CLANG_WARN_STRICT_PROTOTYPES = YES;
				CLANG_WARN_SUSPICIOUS_MOVE = YES;
				CLANG_WARN_UNGUARDED_AVAILABILITY = YES_AGGRESSIVE;
				CLANG_WARN_UNREACHABLE_CODE = YES;
				CLANG_WARN__DUPLICATE_METHOD_MATCH = YES;
				CODE_SIGN_IDENTITY = "iPhone Developer";
				COPY_PHASE_STRIP = NO;
				DEBUG_INFORMATION_FORMAT = "dwarf-with-dsym";
				ENABLE_NS_ASSERTIONS = NO;
				ENABLE_STRICT_OBJC_MSGSEND = YES;
				GCC_C_LANGUAGE_STANDARD = gnu11;
				GCC_NO_COMMON_BLOCKS = YES;
				GCC_WARN_64_TO_32_BIT_CONVERSION = YES;
				GCC_WARN_ABOUT_RETURN_TYPE = YES_ERROR;
				GCC_WARN_UNDECLARED_SELECTOR = YES;
				GCC_WARN_UNINITIALIZED_AUTOS = YES_AGGRESSIVE;
				GCC_WARN_UNUSED_FUNCTION = YES;
				GCC_WARN_UNUSED_VARIABLE = YES;
				IPHONEOS_DEPLOYMENT_TARGET = 12.2;
				MTL_ENABLE_DEBUG_INFO = NO;
				MTL_FAST_MATH = YES;
				SDKROOT = iphoneos;
				SWIFT_COMPILATION_MODE = wholemodule;
				SWIFT_OPTIMIZATION_LEVEL = "-O";
				VALIDATE_PRODUCT = YES;
			};
			name = Release;
		};
		F385B33722D5AE1B00F3B35E /* Debug */ = {
			isa = XCBuildConfiguration;
			baseConfigurationReference = 29BC6469377B98F72ED3E2D6 /* Pods-MapViewGoogleAPI.debug.xcconfig */;
			buildSettings = {
				ASSETCATALOG_COMPILER_APPICON_NAME = AppIcon;
				CODE_SIGN_STYLE = Automatic;
				DEVELOPMENT_TEAM = G4MM77V7NH;
				INFOPLIST_FILE = MapViewGoogleAPI/Info.plist;
				LD_RUNPATH_SEARCH_PATHS = (
					"$(inherited)",
					"@executable_path/Frameworks",
				);
				PRODUCT_BUNDLE_IDENTIFIER = kr.chunsukim.MyApp.MapViewGoogleAPI;
				PRODUCT_NAME = "$(TARGET_NAME)";
				SWIFT_VERSION = 5.0;
				TARGETED_DEVICE_FAMILY = "1,2";
			};
			name = Debug;
		};
		F385B33822D5AE1B00F3B35E /* Release */ = {
			isa = XCBuildConfiguration;
			baseConfigurationReference = 6C596804ADEF85D960FAF5F1 /* Pods-MapViewGoogleAPI.release.xcconfig */;
			buildSettings = {
				ASSETCATALOG_COMPILER_APPICON_NAME = AppIcon;
				CODE_SIGN_STYLE = Automatic;
				DEVELOPMENT_TEAM = G4MM77V7NH;
				INFOPLIST_FILE = MapViewGoogleAPI/Info.plist;
				LD_RUNPATH_SEARCH_PATHS = (
					"$(inherited)",
					"@executable_path/Frameworks",
				);
				PRODUCT_BUNDLE_IDENTIFIER = kr.chunsukim.MyApp.MapViewGoogleAPI;
				PRODUCT_NAME = "$(TARGET_NAME)";
				SWIFT_VERSION = 5.0;
				TARGETED_DEVICE_FAMILY = "1,2";
			};
			name = Release;
		};
/* End XCBuildConfiguration section */

/* Begin XCConfigurationList section */
		F385B31F22D5AE1900F3B35E /* Build configuration list for PBXProject "MapViewGoogleAPI" */ = {
			isa = XCConfigurationList;
			buildConfigurations = (
				F385B33422D5AE1B00F3B35E /* Debug */,
				F385B33522D5AE1B00F3B35E /* Release */,
			);
			defaultConfigurationIsVisible = 0;
			defaultConfigurationName = Release;
		};
		F385B33622D5AE1B00F3B35E /* Build configuration list for PBXNativeTarget "MapViewGoogleAPI" */ = {
			isa = XCConfigurationList;
			buildConfigurations = (
				F385B33722D5AE1B00F3B35E /* Debug */,
				F385B33822D5AE1B00F3B35E /* Release */,
			);
			defaultConfigurationIsVisible = 0;
			defaultConfigurationName = Release;
		};
/* End XCConfigurationList section */
	};
	rootObject = F385B31C22D5AE1900F3B35E /* Project object */;
}
