// !$*UTF8*$!
{
	archiveVersion = 1;
	classes = {
	};
	objectVersion = 50;
	objects = {

/* Begin PBXBuildFile section */
		F34A2F2D22B9FBF600CE17B0 /* AppDelegate.swift in Sources */ = {isa = PBXBuildFile; fileRef = F34A2F2C22B9FBF600CE17B0 /* AppDelegate.swift */; };
		F34A2F2F22B9FBF600CE17B0 /* CustomCollectionAndTapBar.swift in Sources */ = {isa = PBXBuildFile; fileRef = F34A2F2E22B9FBF600CE17B0 /* CustomCollectionAndTapBar.swift */; };
		F34A2F3222B9FBF600CE17B0 /* Main.storyboard in Resources */ = {isa = PBXBuildFile; fileRef = F34A2F3022B9FBF600CE17B0 /* Main.storyboard */; };
		F34A2F3422B9FBF700CE17B0 /* Assets.xcassets in Resources */ = {isa = PBXBuildFile; fileRef = F34A2F3322B9FBF700CE17B0 /* Assets.xcassets */; };
		F34A2F3722B9FBF700CE17B0 /* LaunchScreen.storyboard in Resources */ = {isa = PBXBuildFile; fileRef = F34A2F3522B9FBF700CE17B0 /* LaunchScreen.storyboard */; };
		F34A2F4122B9FD4900CE17B0 /* MenuBar.swift in Sources */ = {isa = PBXBuildFile; fileRef = F34A2F4022B9FD4900CE17B0 /* MenuBar.swift */; };
		F34A2F4322BA01C900CE17B0 /* MenuCell.swift in Sources */ = {isa = PBXBuildFile; fileRef = F34A2F4222BA01C900CE17B0 /* MenuCell.swift */; };
		F34A2F4622BA10A400CE17B0 /* Protocol.swift in Sources */ = {isa = PBXBuildFile; fileRef = F34A2F4522BA10A400CE17B0 /* Protocol.swift */; };
		F34A2F4A22BA1E0000CE17B0 /* MenuView.swift in Sources */ = {isa = PBXBuildFile; fileRef = F34A2F4922BA1E0000CE17B0 /* MenuView.swift */; };
/* End PBXBuildFile section */

/* Begin PBXFileReference section */
		F34A2F2922B9FBF600CE17B0 /* CustomCollectionAndTapBar.app */ = {isa = PBXFileReference; explicitFileType = wrapper.application; includeInIndex = 0; path = CustomCollectionAndTapBar.app; sourceTree = BUILT_PRODUCTS_DIR; };
		F34A2F2C22B9FBF600CE17B0 /* AppDelegate.swift */ = {isa = PBXFileReference; lastKnownFileType = sourcecode.swift; path = AppDelegate.swift; sourceTree = "<group>"; };
		F34A2F2E22B9FBF600CE17B0 /* CustomCollectionAndTapBar.swift */ = {isa = PBXFileReference; lastKnownFileType = sourcecode.swift; path = CustomCollectionAndTapBar.swift; sourceTree = "<group>"; };
		F34A2F3122B9FBF600CE17B0 /* Base */ = {isa = PBXFileReference; lastKnownFileType = file.storyboard; name = Base; path = Base.lproj/Main.storyboard; sourceTree = "<group>"; };
		F34A2F3322B9FBF700CE17B0 /* Assets.xcassets */ = {isa = PBXFileReference; lastKnownFileType = folder.assetcatalog; path = Assets.xcassets; sourceTree = "<group>"; };
		F34A2F3622B9FBF700CE17B0 /* Base */ = {isa = PBXFileReference; lastKnownFileType = file.storyboard; name = Base; path = Base.lproj/LaunchScreen.storyboard; sourceTree = "<group>"; };
		F34A2F3822B9FBF700CE17B0 /* Info.plist */ = {isa = PBXFileReference; lastKnownFileType = text.plist.xml; path = Info.plist; sourceTree = "<group>"; };
		F34A2F4022B9FD4900CE17B0 /* MenuBar.swift */ = {isa = PBXFileReference; lastKnownFileType = sourcecode.swift; path = MenuBar.swift; sourceTree = "<group>"; };
		F34A2F4222BA01C900CE17B0 /* MenuCell.swift */ = {isa = PBXFileReference; lastKnownFileType = sourcecode.swift; path = MenuCell.swift; sourceTree = "<group>"; };
		F34A2F4522BA10A400CE17B0 /* Protocol.swift */ = {isa = PBXFileReference; lastKnownFileType = sourcecode.swift; path = Protocol.swift; sourceTree = "<group>"; };
		F34A2F4922BA1E0000CE17B0 /* MenuView.swift */ = {isa = PBXFileReference; lastKnownFileType = sourcecode.swift; path = MenuView.swift; sourceTree = "<group>"; };
/* End PBXFileReference section */

/* Begin PBXFrameworksBuildPhase section */
		F34A2F2622B9FBF600CE17B0 /* Frameworks */ = {
			isa = PBXFrameworksBuildPhase;
			buildActionMask = 2147483647;
			files = (
			);
			runOnlyForDeploymentPostprocessing = 0;
		};
/* End PBXFrameworksBuildPhase section */

/* Begin PBXGroup section */
		F34A2F2022B9FBF600CE17B0 = {
			isa = PBXGroup;
			children = (
				F34A2F2B22B9FBF600CE17B0 /* CustomCollectionAndTapBar */,
				F34A2F2A22B9FBF600CE17B0 /* Products */,
			);
			sourceTree = "<group>";
		};
		F34A2F2A22B9FBF600CE17B0 /* Products */ = {
			isa = PBXGroup;
			children = (
				F34A2F2922B9FBF600CE17B0 /* CustomCollectionAndTapBar.app */,
			);
			name = Products;
			sourceTree = "<group>";
		};
		F34A2F2B22B9FBF600CE17B0 /* CustomCollectionAndTapBar */ = {
			isa = PBXGroup;
			children = (
				F34A2F2C22B9FBF600CE17B0 /* AppDelegate.swift */,
				F34A2F4422BA109100CE17B0 /* Util */,
				F34A2F3F22B9FCD300CE17B0 /* View */,
				F34A2F3E22B9FCBF00CE17B0 /* Cotroller */,
				F34A2F3022B9FBF600CE17B0 /* Main.storyboard */,
				F34A2F3322B9FBF700CE17B0 /* Assets.xcassets */,
				F34A2F3522B9FBF700CE17B0 /* LaunchScreen.storyboard */,
				F34A2F3822B9FBF700CE17B0 /* Info.plist */,
			);
			path = CustomCollectionAndTapBar;
			sourceTree = "<group>";
		};
		F34A2F3E22B9FCBF00CE17B0 /* Cotroller */ = {
			isa = PBXGroup;
			children = (
				F34A2F2E22B9FBF600CE17B0 /* CustomCollectionAndTapBar.swift */,
			);
			path = Cotroller;
			sourceTree = "<group>";
		};
		F34A2F3F22B9FCD300CE17B0 /* View */ = {
			isa = PBXGroup;
			children = (
				F34A2F4022B9FD4900CE17B0 /* MenuBar.swift */,
				F34A2F4222BA01C900CE17B0 /* MenuCell.swift */,
				F34A2F4922BA1E0000CE17B0 /* MenuView.swift */,
			);
			path = View;
			sourceTree = "<group>";
		};
		F34A2F4422BA109100CE17B0 /* Util */ = {
			isa = PBXGroup;
			children = (
				F34A2F4522BA10A400CE17B0 /* Protocol.swift */,
			);
			path = Util;
			sourceTree = "<group>";
		};
/* End PBXGroup section */

/* Begin PBXNativeTarget section */
		F34A2F2822B9FBF600CE17B0 /* CustomCollectionAndTapBar */ = {
			isa = PBXNativeTarget;
			buildConfigurationList = F34A2F3B22B9FBF700CE17B0 /* Build configuration list for PBXNativeTarget "CustomCollectionAndTapBar" */;
			buildPhases = (
				F34A2F2522B9FBF600CE17B0 /* Sources */,
				F34A2F2622B9FBF600CE17B0 /* Frameworks */,
				F34A2F2722B9FBF600CE17B0 /* Resources */,
			);
			buildRules = (
			);
			dependencies = (
			);
			name = CustomCollectionAndTapBar;
			productName = CustomCollectionAndTapBar;
			productReference = F34A2F2922B9FBF600CE17B0 /* CustomCollectionAndTapBar.app */;
			productType = "com.apple.product-type.application";
		};
/* End PBXNativeTarget section */

/* Begin PBXProject section */
		F34A2F2122B9FBF600CE17B0 /* Project object */ = {
			isa = PBXProject;
			attributes = {
				LastSwiftUpdateCheck = 1020;
				LastUpgradeCheck = 1020;
				ORGANIZATIONNAME = "Chunsu Kim";
				TargetAttributes = {
					F34A2F2822B9FBF600CE17B0 = {
						CreatedOnToolsVersion = 10.2.1;
					};
				};
			};
			buildConfigurationList = F34A2F2422B9FBF600CE17B0 /* Build configuration list for PBXProject "CustomCollectionAndTapBar" */;
			compatibilityVersion = "Xcode 9.3";
			developmentRegion = en;
			hasScannedForEncodings = 0;
			knownRegions = (
				en,
				Base,
			);
			mainGroup = F34A2F2022B9FBF600CE17B0;
			productRefGroup = F34A2F2A22B9FBF600CE17B0 /* Products */;
			projectDirPath = "";
			projectRoot = "";
			targets = (
				F34A2F2822B9FBF600CE17B0 /* CustomCollectionAndTapBar */,
			);
		};
/* End PBXProject section */

/* Begin PBXResourcesBuildPhase section */
		F34A2F2722B9FBF600CE17B0 /* Resources */ = {
			isa = PBXResourcesBuildPhase;
			buildActionMask = 2147483647;
			files = (
				F34A2F3722B9FBF700CE17B0 /* LaunchScreen.storyboard in Resources */,
				F34A2F3422B9FBF700CE17B0 /* Assets.xcassets in Resources */,
				F34A2F3222B9FBF600CE17B0 /* Main.storyboard in Resources */,
			);
			runOnlyForDeploymentPostprocessing = 0;
		};
/* End PBXResourcesBuildPhase section */

/* Begin PBXSourcesBuildPhase section */
		F34A2F2522B9FBF600CE17B0 /* Sources */ = {
			isa = PBXSourcesBuildPhase;
			buildActionMask = 2147483647;
			files = (
				F34A2F2F22B9FBF600CE17B0 /* CustomCollectionAndTapBar.swift in Sources */,
				F34A2F4A22BA1E0000CE17B0 /* MenuView.swift in Sources */,
				F34A2F2D22B9FBF600CE17B0 /* AppDelegate.swift in Sources */,
				F34A2F4322BA01C900CE17B0 /* MenuCell.swift in Sources */,
				F34A2F4122B9FD4900CE17B0 /* MenuBar.swift in Sources */,
				F34A2F4622BA10A400CE17B0 /* Protocol.swift in Sources */,
			);
			runOnlyForDeploymentPostprocessing = 0;
		};
/* End PBXSourcesBuildPhase section */

/* Begin PBXVariantGroup section */
		F34A2F3022B9FBF600CE17B0 /* Main.storyboard */ = {
			isa = PBXVariantGroup;
			children = (
				F34A2F3122B9FBF600CE17B0 /* Base */,
			);
			name = Main.storyboard;
			sourceTree = "<group>";
		};
		F34A2F3522B9FBF700CE17B0 /* LaunchScreen.storyboard */ = {
			isa = PBXVariantGroup;
			children = (
				F34A2F3622B9FBF700CE17B0 /* Base */,
			);
			name = LaunchScreen.storyboard;
			sourceTree = "<group>";
		};
/* End PBXVariantGroup section */

/* Begin XCBuildConfiguration section */
		F34A2F3922B9FBF700CE17B0 /* Debug */ = {
			isa = XCBuildConfiguration;
			buildSettings = {
				ALWAYS_SEARCH_USER_PATHS = NO;
				CLANG_ANALYZER_NONNULL = YES;
				CLANG_ANALYZER_NUMBER_OBJECT_CONVERSION = YES_AGGRESSIVE;
				CLANG_CXX_LANGUAGE_STANDARD = "gnu++14";
				CLANG_CXX_LIBRARY = "libc++";
				CLANG_ENABLE_MODULES = YES;
				CLANG_ENABLE_OBJC_ARC = YES;
				CLANG_ENABLE_OBJC_WEAK = YES;
				CLANG_WARN_BLOCK_CAPTURE_AUTORELEASING = YES;
				CLANG_WARN_BOOL_CONVERSION = YES;
				CLANG_WARN_COMMA = YES;
				CLANG_WARN_CONSTANT_CONVERSION = YES;
				CLANG_WARN_DEPRECATED_OBJC_IMPLEMENTATIONS = YES;
				CLANG_WARN_DIRECT_OBJC_ISA_USAGE = YES_ERROR;
				CLANG_WARN_DOCUMENTATION_COMMENTS = YES;
				CLANG_WARN_EMPTY_BODY = YES;
				CLANG_WARN_ENUM_CONVERSION = YES;
				CLANG_WARN_INFINITE_RECURSION = YES;
				CLANG_WARN_INT_CONVERSION = YES;
				CLANG_WARN_NON_LITERAL_NULL_CONVERSION = YES;
				CLANG_WARN_OBJC_IMPLICIT_RETAIN_SELF = YES;
				CLANG_WARN_OBJC_LITERAL_CONVERSION = YES;
				CLANG_WARN_OBJC_ROOT_CLASS = YES_ERROR;
				CLANG_WARN_RANGE_LOOP_ANALYSIS = YES;
				CLANG_WARN_STRICT_PROTOTYPES = YES;
				CLANG_WARN_SUSPICIOUS_MOVE = YES;
				CLANG_WARN_UNGUARDED_AVAILABILITY = YES_AGGRESSIVE;
				CLANG_WARN_UNREACHABLE_CODE = YES;
				CLANG_WARN__DUPLICATE_METHOD_MATCH = YES;
				CODE_SIGN_IDENTITY = "iPhone Developer";
				COPY_PHASE_STRIP = NO;
				DEBUG_INFORMATION_FORMAT = dwarf;
				ENABLE_STRICT_OBJC_MSGSEND = YES;
				ENABLE_TESTABILITY = YES;
				GCC_C_LANGUAGE_STANDARD = gnu11;
				GCC_DYNAMIC_NO_PIC = NO;
				GCC_NO_COMMON_BLOCKS = YES;
				GCC_OPTIMIZATION_LEVEL = 0;
				GCC_PREPROCESSOR_DEFINITIONS = (
					"DEBUG=1",
					"$(inherited)",
				);
				GCC_WARN_64_TO_32_BIT_CONVERSION = YES;
				GCC_WARN_ABOUT_RETURN_TYPE = YES_ERROR;
				GCC_WARN_UNDECLARED_SELECTOR = YES;
				GCC_WARN_UNINITIALIZED_AUTOS = YES_AGGRESSIVE;
				GCC_WARN_UNUSED_FUNCTION = YES;
				GCC_WARN_UNUSED_VARIABLE = YES;
				IPHONEOS_DEPLOYMENT_TARGET = 12.2;
				MTL_ENABLE_DEBUG_INFO = INCLUDE_SOURCE;
				MTL_FAST_MATH = YES;
				ONLY_ACTIVE_ARCH = YES;
				SDKROOT = iphoneos;
				SWIFT_ACTIVE_COMPILATION_CONDITIONS = DEBUG;
				SWIFT_OPTIMIZATION_LEVEL = "-Onone";
			};
			name = Debug;
		};
		F34A2F3A22B9FBF700CE17B0 /* Release */ = {
			isa = XCBuildConfiguration;
			buildSettings = {
				ALWAYS_SEARCH_USER_PATHS = NO;
				CLANG_ANALYZER_NONNULL = YES;
				CLANG_ANALYZER_NUMBER_OBJECT_CONVERSION = YES_AGGRESSIVE;
				CLANG_CXX_LANGUAGE_STANDARD = "gnu++14";
				CLANG_CXX_LIBRARY = "libc++";
				CLANG_ENABLE_MODULES = YES;
				CLANG_ENABLE_OBJC_ARC = YES;
				CLANG_ENABLE_OBJC_WEAK = YES;
				CLANG_WARN_BLOCK_CAPTURE_AUTORELEASING = YES;
				CLANG_WARN_BOOL_CONVERSION = YES;
				CLANG_WARN_COMMA = YES;
				CLANG_WARN_CONSTANT_CONVERSION = YES;
				CLANG_WARN_DEPRECATED_OBJC_IMPLEMENTATIONS = YES;
				CLANG_WARN_DIRECT_OBJC_ISA_USAGE = YES_ERROR;
				CLANG_WARN_DOCUMENTATION_COMMENTS = YES;
				CLANG_WARN_EMPTY_BODY = YES;
				CLANG_WARN_ENUM_CONVERSION = YES;
				CLANG_WARN_INFINITE_RECURSION = YES;
				CLANG_WARN_INT_CONVERSION = YES;
				CLANG_WARN_NON_LITERAL_NULL_CONVERSION = YES;
				CLANG_WARN_OBJC_IMPLICIT_RETAIN_SELF = YES;
				CLANG_WARN_OBJC_LITERAL_CONVERSION = YES;
				CLANG_WARN_OBJC_ROOT_CLASS = YES_ERROR;
				CLANG_WARN_RANGE_LOOP_ANALYSIS = YES;
				CLANG_WARN_STRICT_PROTOTYPES = YES;
				CLANG_WARN_SUSPICIOUS_MOVE = YES;
				CLANG_WARN_UNGUARDED_AVAILABILITY = YES_AGGRESSIVE;
				CLANG_WARN_UNREACHABLE_CODE = YES;
				CLANG_WARN__DUPLICATE_METHOD_MATCH = YES;
				CODE_SIGN_IDENTITY = "iPhone Developer";
				COPY_PHASE_STRIP = NO;
				DEBUG_INFORMATION_FORMAT = "dwarf-with-dsym";
				ENABLE_NS_ASSERTIONS = NO;
				ENABLE_STRICT_OBJC_MSGSEND = YES;
				GCC_C_LANGUAGE_STANDARD = gnu11;
				GCC_NO_COMMON_BLOCKS = YES;
				GCC_WARN_64_TO_32_BIT_CONVERSION = YES;
				GCC_WARN_ABOUT_RETURN_TYPE = YES_ERROR;
				GCC_WARN_UNDECLARED_SELECTOR = YES;
				GCC_WARN_UNINITIALIZED_AUTOS = YES_AGGRESSIVE;
				GCC_WARN_UNUSED_FUNCTION = YES;
				GCC_WARN_UNUSED_VARIABLE = YES;
				IPHONEOS_DEPLOYMENT_TARGET = 12.2;
				MTL_ENABLE_DEBUG_INFO = NO;
				MTL_FAST_MATH = YES;
				SDKROOT = iphoneos;
				SWIFT_COMPILATION_MODE = wholemodule;
				SWIFT_OPTIMIZATION_LEVEL = "-O";
				VALIDATE_PRODUCT = YES;
			};
			name = Release;
		};
		F34A2F3C22B9FBF700CE17B0 /* Debug */ = {
			isa = XCBuildConfiguration;
			buildSettings = {
				ASSETCATALOG_COMPILER_APPICON_NAME = AppIcon;
				CODE_SIGN_STYLE = Automatic;
				INFOPLIST_FILE = CustomCollectionAndTapBar/Info.plist;
				LD_RUNPATH_SEARCH_PATHS = (
					"$(inherited)",
					"@executable_path/Frameworks",
				);
				PRODUCT_BUNDLE_IDENTIFIER = kr.chunsukim.MyApp.Dairy.CustomCollectionAndTapBar;
				PRODUCT_NAME = "$(TARGET_NAME)";
				SWIFT_VERSION = 5.0;
				TARGETED_DEVICE_FAMILY = "1,2";
			};
			name = Debug;
		};
		F34A2F3D22B9FBF700CE17B0 /* Release */ = {
			isa = XCBuildConfiguration;
			buildSettings = {
				ASSETCATALOG_COMPILER_APPICON_NAME = AppIcon;
				CODE_SIGN_STYLE = Automatic;
				INFOPLIST_FILE = CustomCollectionAndTapBar/Info.plist;
				LD_RUNPATH_SEARCH_PATHS = (
					"$(inherited)",
					"@executable_path/Frameworks",
				);
				PRODUCT_BUNDLE_IDENTIFIER = kr.chunsukim.MyApp.Dairy.CustomCollectionAndTapBar;
				PRODUCT_NAME = "$(TARGET_NAME)";
				SWIFT_VERSION = 5.0;
				TARGETED_DEVICE_FAMILY = "1,2";
			};
			name = Release;
		};
/* End XCBuildConfiguration section */

/* Begin XCConfigurationList section */
		F34A2F2422B9FBF600CE17B0 /* Build configuration list for PBXProject "CustomCollectionAndTapBar" */ = {
			isa = XCConfigurationList;
			buildConfigurations = (
				F34A2F3922B9FBF700CE17B0 /* Debug */,
				F34A2F3A22B9FBF700CE17B0 /* Release */,
			);
			defaultConfigurationIsVisible = 0;
			defaultConfigurationName = Release;
		};
		F34A2F3B22B9FBF700CE17B0 /* Build configuration list for PBXNativeTarget "CustomCollectionAndTapBar" */ = {
			isa = XCConfigurationList;
			buildConfigurations = (
				F34A2F3C22B9FBF700CE17B0 /* Debug */,
				F34A2F3D22B9FBF700CE17B0 /* Release */,
			);
			defaultConfigurationIsVisible = 0;
			defaultConfigurationName = Release;
		};
/* End XCConfigurationList section */
	};
	rootObject = F34A2F2122B9FBF600CE17B0 /* Project object */;
}
