// !$*UTF8*$!
{
	archiveVersion = 1;
	classes = {
	};
	objectVersion = 50;
	objects = {

/* Begin PBXBuildFile section */
		F38B130D2340AA0A0088A742 /* AppDelegate.swift in Sources */ = {isa = PBXBuildFile; fileRef = F38B130C2340AA0A0088A742 /* AppDelegate.swift */; };
		F38B130F2340AA0A0088A742 /* ViewController.swift in Sources */ = {isa = PBXBuildFile; fileRef = F38B130E2340AA0A0088A742 /* ViewController.swift */; };
		F38B13122340AA0A0088A742 /* Main.storyboard in Resources */ = {isa = PBXBuildFile; fileRef = F38B13102340AA0A0088A742 /* Main.storyboard */; };
		F38B13142340AA0B0088A742 /* Assets.xcassets in Resources */ = {isa = PBXBuildFile; fileRef = F38B13132340AA0B0088A742 /* Assets.xcassets */; };
		F38B13172340AA0B0088A742 /* LaunchScreen.storyboard in Resources */ = {isa = PBXBuildFile; fileRef = F38B13152340AA0B0088A742 /* LaunchScreen.storyboard */; };
		F38B131F2340B1110088A742 /* ContactStruct.swift in Sources */ = {isa = PBXBuildFile; fileRef = F38B131E2340B1110088A742 /* ContactStruct.swift */; };
		F38B13212340B4330088A742 /* ContactsTableViewCell.swift in Sources */ = {isa = PBXBuildFile; fileRef = F38B13202340B4330088A742 /* ContactsTableViewCell.swift */; };
/* End PBXBuildFile section */

/* Begin PBXFileReference section */
		F38B13092340AA0A0088A742 /* ContactsParsing.app */ = {isa = PBXFileReference; explicitFileType = wrapper.application; includeInIndex = 0; path = ContactsParsing.app; sourceTree = BUILT_PRODUCTS_DIR; };
		F38B130C2340AA0A0088A742 /* AppDelegate.swift */ = {isa = PBXFileReference; lastKnownFileType = sourcecode.swift; path = AppDelegate.swift; sourceTree = "<group>"; };
		F38B130E2340AA0A0088A742 /* ViewController.swift */ = {isa = PBXFileReference; lastKnownFileType = sourcecode.swift; path = ViewController.swift; sourceTree = "<group>"; };
		F38B13112340AA0A0088A742 /* Base */ = {isa = PBXFileReference; lastKnownFileType = file.storyboard; name = Base; path = Base.lproj/Main.storyboard; sourceTree = "<group>"; };
		F38B13132340AA0B0088A742 /* Assets.xcassets */ = {isa = PBXFileReference; lastKnownFileType = folder.assetcatalog; path = Assets.xcassets; sourceTree = "<group>"; };
		F38B13162340AA0B0088A742 /* Base */ = {isa = PBXFileReference; lastKnownFileType = file.storyboard; name = Base; path = Base.lproj/LaunchScreen.storyboard; sourceTree = "<group>"; };
		F38B13182340AA0B0088A742 /* Info.plist */ = {isa = PBXFileReference; lastKnownFileType = text.plist.xml; path = Info.plist; sourceTree = "<group>"; };
		F38B131E2340B1110088A742 /* ContactStruct.swift */ = {isa = PBXFileReference; lastKnownFileType = sourcecode.swift; path = ContactStruct.swift; sourceTree = "<group>"; };
		F38B13202340B4330088A742 /* ContactsTableViewCell.swift */ = {isa = PBXFileReference; lastKnownFileType = sourcecode.swift; path = ContactsTableViewCell.swift; sourceTree = "<group>"; };
/* End PBXFileReference section */

/* Begin PBXFrameworksBuildPhase section */
		F38B13062340AA0A0088A742 /* Frameworks */ = {
			isa = PBXFrameworksBuildPhase;
			buildActionMask = 2147483647;
			files = (
			);
			runOnlyForDeploymentPostprocessing = 0;
		};
/* End PBXFrameworksBuildPhase section */

/* Begin PBXGroup section */
		F38B13002340AA0A0088A742 = {
			isa = PBXGroup;
			children = (
				F38B130B2340AA0A0088A742 /* ContactsParsing */,
				F38B130A2340AA0A0088A742 /* Products */,
			);
			sourceTree = "<group>";
		};
		F38B130A2340AA0A0088A742 /* Products */ = {
			isa = PBXGroup;
			children = (
				F38B13092340AA0A0088A742 /* ContactsParsing.app */,
			);
			name = Products;
			sourceTree = "<group>";
		};
		F38B130B2340AA0A0088A742 /* ContactsParsing */ = {
			isa = PBXGroup;
			children = (
				F38B130C2340AA0A0088A742 /* AppDelegate.swift */,
				F38B130E2340AA0A0088A742 /* ViewController.swift */,
				F38B13102340AA0A0088A742 /* Main.storyboard */,
				F38B13132340AA0B0088A742 /* Assets.xcassets */,
				F38B13152340AA0B0088A742 /* LaunchScreen.storyboard */,
				F38B13182340AA0B0088A742 /* Info.plist */,
				F38B131E2340B1110088A742 /* ContactStruct.swift */,
				F38B13202340B4330088A742 /* ContactsTableViewCell.swift */,
			);
			path = ContactsParsing;
			sourceTree = "<group>";
		};
/* End PBXGroup section */

/* Begin PBXNativeTarget section */
		F38B13082340AA0A0088A742 /* ContactsParsing */ = {
			isa = PBXNativeTarget;
			buildConfigurationList = F38B131B2340AA0B0088A742 /* Build configuration list for PBXNativeTarget "ContactsParsing" */;
			buildPhases = (
				F38B13052340AA0A0088A742 /* Sources */,
				F38B13062340AA0A0088A742 /* Frameworks */,
				F38B13072340AA0A0088A742 /* Resources */,
			);
			buildRules = (
			);
			dependencies = (
			);
			name = ContactsParsing;
			productName = ContactsParsing;
			productReference = F38B13092340AA0A0088A742 /* ContactsParsing.app */;
			productType = "com.apple.product-type.application";
		};
/* End PBXNativeTarget section */

/* Begin PBXProject section */
		F38B13012340AA0A0088A742 /* Project object */ = {
			isa = PBXProject;
			attributes = {
				LastSwiftUpdateCheck = 1030;
				LastUpgradeCheck = 1030;
				ORGANIZATIONNAME = "Chunsu Kim";
				TargetAttributes = {
					F38B13082340AA0A0088A742 = {
						CreatedOnToolsVersion = 10.3;
					};
				};
			};
			buildConfigurationList = F38B13042340AA0A0088A742 /* Build configuration list for PBXProject "ContactsParsing" */;
			compatibilityVersion = "Xcode 9.3";
			developmentRegion = en;
			hasScannedForEncodings = 0;
			knownRegions = (
				en,
				Base,
			);
			mainGroup = F38B13002340AA0A0088A742;
			productRefGroup = F38B130A2340AA0A0088A742 /* Products */;
			projectDirPath = "";
			projectRoot = "";
			targets = (
				F38B13082340AA0A0088A742 /* ContactsParsing */,
			);
		};
/* End PBXProject section */

/* Begin PBXResourcesBuildPhase section */
		F38B13072340AA0A0088A742 /* Resources */ = {
			isa = PBXResourcesBuildPhase;
			buildActionMask = 2147483647;
			files = (
				F38B13172340AA0B0088A742 /* LaunchScreen.storyboard in Resources */,
				F38B13142340AA0B0088A742 /* Assets.xcassets in Resources */,
				F38B13122340AA0A0088A742 /* Main.storyboard in Resources */,
			);
			runOnlyForDeploymentPostprocessing = 0;
		};
/* End PBXResourcesBuildPhase section */

/* Begin PBXSourcesBuildPhase section */
		F38B13052340AA0A0088A742 /* Sources */ = {
			isa = PBXSourcesBuildPhase;
			buildActionMask = 2147483647;
			files = (
				F38B13212340B4330088A742 /* ContactsTableViewCell.swift in Sources */,
				F38B130F2340AA0A0088A742 /* ViewController.swift in Sources */,
				F38B131F2340B1110088A742 /* ContactStruct.swift in Sources */,
				F38B130D2340AA0A0088A742 /* AppDelegate.swift in Sources */,
			);
			runOnlyForDeploymentPostprocessing = 0;
		};
/* End PBXSourcesBuildPhase section */

/* Begin PBXVariantGroup section */
		F38B13102340AA0A0088A742 /* Main.storyboard */ = {
			isa = PBXVariantGroup;
			children = (
				F38B13112340AA0A0088A742 /* Base */,
			);
			name = Main.storyboard;
			sourceTree = "<group>";
		};
		F38B13152340AA0B0088A742 /* LaunchScreen.storyboard */ = {
			isa = PBXVariantGroup;
			children = (
				F38B13162340AA0B0088A742 /* Base */,
			);
			name = LaunchScreen.storyboard;
			sourceTree = "<group>";
		};
/* End PBXVariantGroup section */

/* Begin XCBuildConfiguration section */
		F38B13192340AA0B0088A742 /* Debug */ = {
			isa = XCBuildConfiguration;
			buildSettings = {
				ALWAYS_SEARCH_USER_PATHS = NO;
				CLANG_ANALYZER_NONNULL = YES;
				CLANG_ANALYZER_NUMBER_OBJECT_CONVERSION = YES_AGGRESSIVE;
				CLANG_CXX_LANGUAGE_STANDARD = "gnu++14";
				CLANG_CXX_LIBRARY = "libc++";
				CLANG_ENABLE_MODULES = YES;
				CLANG_ENABLE_OBJC_ARC = YES;
				CLANG_ENABLE_OBJC_WEAK = YES;
				CLANG_WARN_BLOCK_CAPTURE_AUTORELEASING = YES;
				CLANG_WARN_BOOL_CONVERSION = YES;
				CLANG_WARN_COMMA = YES;
				CLANG_WARN_CONSTANT_CONVERSION = YES;
				CLANG_WARN_DEPRECATED_OBJC_IMPLEMENTATIONS = YES;
				CLANG_WARN_DIRECT_OBJC_ISA_USAGE = YES_ERROR;
				CLANG_WARN_DOCUMENTATION_COMMENTS = YES;
				CLANG_WARN_EMPTY_BODY = YES;
				CLANG_WARN_ENUM_CONVERSION = YES;
				CLANG_WARN_INFINITE_RECURSION = YES;
				CLANG_WARN_INT_CONVERSION = YES;
				CLANG_WARN_NON_LITERAL_NULL_CONVERSION = YES;
				CLANG_WARN_OBJC_IMPLICIT_RETAIN_SELF = YES;
				CLANG_WARN_OBJC_LITERAL_CONVERSION = YES;
				CLANG_WARN_OBJC_ROOT_CLASS = YES_ERROR;
				CLANG_WARN_RANGE_LOOP_ANALYSIS = YES;
				CLANG_WARN_STRICT_PROTOTYPES = YES;
				CLANG_WARN_SUSPICIOUS_MOVE = YES;
				CLANG_WARN_UNGUARDED_AVAILABILITY = YES_AGGRESSIVE;
				CLANG_WARN_UNREACHABLE_CODE = YES;
				CLANG_WARN__DUPLICATE_METHOD_MATCH = YES;
				CODE_SIGN_IDENTITY = "iPhone Developer";
				COPY_PHASE_STRIP = NO;
				DEBUG_INFORMATION_FORMAT = dwarf;
				ENABLE_STRICT_OBJC_MSGSEND = YES;
				ENABLE_TESTABILITY = YES;
				GCC_C_LANGUAGE_STANDARD = gnu11;
				GCC_DYNAMIC_NO_PIC = NO;
				GCC_NO_COMMON_BLOCKS = YES;
				GCC_OPTIMIZATION_LEVEL = 0;
				GCC_PREPROCESSOR_DEFINITIONS = (
					"DEBUG=1",
					"$(inherited)",
				);
				GCC_WARN_64_TO_32_BIT_CONVERSION = YES;
				GCC_WARN_ABOUT_RETURN_TYPE = YES_ERROR;
				GCC_WARN_UNDECLARED_SELECTOR = YES;
				GCC_WARN_UNINITIALIZED_AUTOS = YES_AGGRESSIVE;
				GCC_WARN_UNUSED_FUNCTION = YES;
				GCC_WARN_UNUSED_VARIABLE = YES;
				IPHONEOS_DEPLOYMENT_TARGET = 12.4;
				MTL_ENABLE_DEBUG_INFO = INCLUDE_SOURCE;
				MTL_FAST_MATH = YES;
				ONLY_ACTIVE_ARCH = YES;
				SDKROOT = iphoneos;
				SWIFT_ACTIVE_COMPILATION_CONDITIONS = DEBUG;
				SWIFT_OPTIMIZATION_LEVEL = "-Onone";
			};
			name = Debug;
		};
		F38B131A2340AA0B0088A742 /* Release */ = {
			isa = XCBuildConfiguration;
			buildSettings = {
				ALWAYS_SEARCH_USER_PATHS = NO;
				CLANG_ANALYZER_NONNULL = YES;
				CLANG_ANALYZER_NUMBER_OBJECT_CONVERSION = YES_AGGRESSIVE;
				CLANG_CXX_LANGUAGE_STANDARD = "gnu++14";
				CLANG_CXX_LIBRARY = "libc++";
				CLANG_ENABLE_MODULES = YES;
				CLANG_ENABLE_OBJC_ARC = YES;
				CLANG_ENABLE_OBJC_WEAK = YES;
				CLANG_WARN_BLOCK_CAPTURE_AUTORELEASING = YES;
				CLANG_WARN_BOOL_CONVERSION = YES;
				CLANG_WARN_COMMA = YES;
				CLANG_WARN_CONSTANT_CONVERSION = YES;
				CLANG_WARN_DEPRECATED_OBJC_IMPLEMENTATIONS = YES;
				CLANG_WARN_DIRECT_OBJC_ISA_USAGE = YES_ERROR;
				CLANG_WARN_DOCUMENTATION_COMMENTS = YES;
				CLANG_WARN_EMPTY_BODY = YES;
				CLANG_WARN_ENUM_CONVERSION = YES;
				CLANG_WARN_INFINITE_RECURSION = YES;
				CLANG_WARN_INT_CONVERSION = YES;
				CLANG_WARN_NON_LITERAL_NULL_CONVERSION = YES;
				CLANG_WARN_OBJC_IMPLICIT_RETAIN_SELF = YES;
				CLANG_WARN_OBJC_LITERAL_CONVERSION = YES;
				CLANG_WARN_OBJC_ROOT_CLASS = YES_ERROR;
				CLANG_WARN_RANGE_LOOP_ANALYSIS = YES;
				CLANG_WARN_STRICT_PROTOTYPES = YES;
				CLANG_WARN_SUSPICIOUS_MOVE = YES;
				CLANG_WARN_UNGUARDED_AVAILABILITY = YES_AGGRESSIVE;
				CLANG_WARN_UNREACHABLE_CODE = YES;
				CLANG_WARN__DUPLICATE_METHOD_MATCH = YES;
				CODE_SIGN_IDENTITY = "iPhone Developer";
				COPY_PHASE_STRIP = NO;
				DEBUG_INFORMATION_FORMAT = "dwarf-with-dsym";
				ENABLE_NS_ASSERTIONS = NO;
				ENABLE_STRICT_OBJC_MSGSEND = YES;
				GCC_C_LANGUAGE_STANDARD = gnu11;
				GCC_NO_COMMON_BLOCKS = YES;
				GCC_WARN_64_TO_32_BIT_CONVERSION = YES;
				GCC_WARN_ABOUT_RETURN_TYPE = YES_ERROR;
				GCC_WARN_UNDECLARED_SELECTOR = YES;
				GCC_WARN_UNINITIALIZED_AUTOS = YES_AGGRESSIVE;
				GCC_WARN_UNUSED_FUNCTION = YES;
				GCC_WARN_UNUSED_VARIABLE = YES;
				IPHONEOS_DEPLOYMENT_TARGET = 12.4;
				MTL_ENABLE_DEBUG_INFO = NO;
				MTL_FAST_MATH = YES;
				SDKROOT = iphoneos;
				SWIFT_COMPILATION_MODE = wholemodule;
				SWIFT_OPTIMIZATION_LEVEL = "-O";
				VALIDATE_PRODUCT = YES;
			};
			name = Release;
		};
		F38B131C2340AA0B0088A742 /* Debug */ = {
			isa = XCBuildConfiguration;
			buildSettings = {
				ASSETCATALOG_COMPILER_APPICON_NAME = AppIcon;
				CODE_SIGN_STYLE = Automatic;
				DEVELOPMENT_TEAM = G4MM77V7NH;
				INFOPLIST_FILE = ContactsParsing/Info.plist;
				LD_RUNPATH_SEARCH_PATHS = (
					"$(inherited)",
					"@executable_path/Frameworks",
				);
				PRODUCT_BUNDLE_IDENTIFIER = kr.chunsukim.MyApp.ContactsParsing;
				PRODUCT_NAME = "$(TARGET_NAME)";
				SWIFT_VERSION = 5.0;
				TARGETED_DEVICE_FAMILY = "1,2";
			};
			name = Debug;
		};
		F38B131D2340AA0B0088A742 /* Release */ = {
			isa = XCBuildConfiguration;
			buildSettings = {
				ASSETCATALOG_COMPILER_APPICON_NAME = AppIcon;
				CODE_SIGN_STYLE = Automatic;
				DEVELOPMENT_TEAM = G4MM77V7NH;
				INFOPLIST_FILE = ContactsParsing/Info.plist;
				LD_RUNPATH_SEARCH_PATHS = (
					"$(inherited)",
					"@executable_path/Frameworks",
				);
				PRODUCT_BUNDLE_IDENTIFIER = kr.chunsukim.MyApp.ContactsParsing;
				PRODUCT_NAME = "$(TARGET_NAME)";
				SWIFT_VERSION = 5.0;
				TARGETED_DEVICE_FAMILY = "1,2";
			};
			name = Release;
		};
/* End XCBuildConfiguration section */

/* Begin XCConfigurationList section */
		F38B13042340AA0A0088A742 /* Build configuration list for PBXProject "ContactsParsing" */ = {
			isa = XCConfigurationList;
			buildConfigurations = (
				F38B13192340AA0B0088A742 /* Debug */,
				F38B131A2340AA0B0088A742 /* Release */,
			);
			defaultConfigurationIsVisible = 0;
			defaultConfigurationName = Release;
		};
		F38B131B2340AA0B0088A742 /* Build configuration list for PBXNativeTarget "ContactsParsing" */ = {
			isa = XCConfigurationList;
			buildConfigurations = (
				F38B131C2340AA0B0088A742 /* Debug */,
				F38B131D2340AA0B0088A742 /* Release */,
			);
			defaultConfigurationIsVisible = 0;
			defaultConfigurationName = Release;
		};
/* End XCConfigurationList section */
	};
	rootObject = F38B13012340AA0A0088A742 /* Project object */;
}
